// !$*UTF8*$!
{
	archiveVersion = 1;
	classes = {
	};
	objectVersion = 46;
	objects = {

/* Begin PBXBuildFile section */
		071DD13392D6F63A9C9E6577 /* Pods_CrystalClipboard.framework in Frameworks */ = {isa = PBXBuildFile; fileRef = 3CD82DAABCF3EFB0DB952AD3 /* Pods_CrystalClipboard.framework */; };
		5139455BEAD1A38DFBEC3EFE /* Pods_CrystalClipboard_CrystalClipboardUITests.framework in Frameworks */ = {isa = PBXBuildFile; fileRef = AAB6D1252A5CFB8E0A71638C /* Pods_CrystalClipboard_CrystalClipboardUITests.framework */; };
		AC34E29D5531A22239EC7F0A /* Pods_CrystalClipboard_CrystalClipboardTests.framework in Frameworks */ = {isa = PBXBuildFile; fileRef = C6AEB327ECEAE3823D0BFB96 /* Pods_CrystalClipboard_CrystalClipboardTests.framework */; };
		D00D68371F55CAF80029BC79 /* Identifiers.swift in Sources */ = {isa = PBXBuildFile; fileRef = D00D68361F55CAF80029BC79 /* Identifiers.swift */; };
		D0112B811F4A7BAE00999761 /* CrystalClipboard.xcdatamodeld in Sources */ = {isa = PBXBuildFile; fileRef = D0112B7F1F4A7BAE00999761 /* CrystalClipboard.xcdatamodeld */; };
		D0112B851F4A7E8400999761 /* ManagedClip.swift in Sources */ = {isa = PBXBuildFile; fileRef = D0112B841F4A7E8400999761 /* ManagedClip.swift */; };
		D031F6321F4BFA1600530226 /* ResponseErrorDataTests.swift in Sources */ = {isa = PBXBuildFile; fileRef = D031F6311F4BFA1600530226 /* ResponseErrorDataTests.swift */; };
		D03ABD3E1F4D37F000A7D473 /* Constants.swift in Sources */ = {isa = PBXBuildFile; fileRef = D03ABD3D1F4D37F000A7D473 /* Constants.swift */; };
		D03ABD401F4E8FF600A7D473 /* Clip.swift in Sources */ = {isa = PBXBuildFile; fileRef = D03ABD3F1F4E8FF600A7D473 /* Clip.swift */; };
		D03ABD421F4E902400A7D473 /* ClipTests.swift in Sources */ = {isa = PBXBuildFile; fileRef = D03ABD411F4E902400A7D473 /* ClipTests.swift */; };
		D04C144E1F4697A20068AEA0 /* CrystalClipboardAPI.swift in Sources */ = {isa = PBXBuildFile; fileRef = D04C144D1F4697A20068AEA0 /* CrystalClipboardAPI.swift */; };
		D04DBF8F1F4C8466002B5A02 /* SampleData.swift in Sources */ = {isa = PBXBuildFile; fileRef = D04DBF8E1F4C8466002B5A02 /* SampleData.swift */; };
		D05335FC1F4A861A0077B1F9 /* ManagedClipTests.swift in Sources */ = {isa = PBXBuildFile; fileRef = D05335FB1F4A861A0077B1F9 /* ManagedClipTests.swift */; };
		D05335FE1F4A87DA0077B1F9 /* CoreDataTestCase.swift in Sources */ = {isa = PBXBuildFile; fileRef = D05335FD1F4A87DA0077B1F9 /* CoreDataTestCase.swift */; };
		D05336051F4A9E700077B1F9 /* DateParser.swift in Sources */ = {isa = PBXBuildFile; fileRef = D05336041F4A9E700077B1F9 /* DateParser.swift */; };
		D085FAF41F4BF6AD0022C806 /* ResponseErrorData.swift in Sources */ = {isa = PBXBuildFile; fileRef = D085FAF31F4BF6AD0022C806 /* ResponseErrorData.swift */; };
		D0909B6D1F4D2513000F584B /* Localizable.strings in Resources */ = {isa = PBXBuildFile; fileRef = D0909B6C1F4D2513000F584B /* Localizable.strings */; };
		D0909B701F4D282C000F584B /* String+Localized.swift in Sources */ = {isa = PBXBuildFile; fileRef = D0909B6F1F4D282C000F584B /* String+Localized.swift */; };
		D095D8C21F4E260800D15CE4 /* User.swift in Sources */ = {isa = PBXBuildFile; fileRef = D095D8C11F4E260800D15CE4 /* User.swift */; };
		D095D8C41F4E261A00D15CE4 /* AuthToken.swift in Sources */ = {isa = PBXBuildFile; fileRef = D095D8C31F4E261A00D15CE4 /* AuthToken.swift */; };
		D095D8C91F4E26E700D15CE4 /* JSONDeserializable.swift in Sources */ = {isa = PBXBuildFile; fileRef = D095D8C81F4E26E700D15CE4 /* JSONDeserializable.swift */; };
		D095D8CD1F4E2E9300D15CE4 /* UserTests.swift in Sources */ = {isa = PBXBuildFile; fileRef = D095D8CC1F4E2E9300D15CE4 /* UserTests.swift */; };
		D095D8CF1F4E2EB500D15CE4 /* AuthTokenTests.swift in Sources */ = {isa = PBXBuildFile; fileRef = D095D8CE1F4E2EB500D15CE4 /* AuthTokenTests.swift */; };
		D0979B631F4B306100B8407F /* RootViewController.swift in Sources */ = {isa = PBXBuildFile; fileRef = D0979B621F4B306100B8407F /* RootViewController.swift */; };
		D0979B671F4B31EB00B8407F /* SignUpViewController.swift in Sources */ = {isa = PBXBuildFile; fileRef = D0979B661F4B31EB00B8407F /* SignUpViewController.swift */; };
		D0979B691F4B325300B8407F /* SignUpViewModel.swift in Sources */ = {isa = PBXBuildFile; fileRef = D0979B681F4B325300B8407F /* SignUpViewModel.swift */; };
		D0979B6B1F4B33F300B8407F /* LandingViewController.swift in Sources */ = {isa = PBXBuildFile; fileRef = D0979B6A1F4B33F300B8407F /* LandingViewController.swift */; };
		D0979B6D1F4B341200B8407F /* LandingViewModel.swift in Sources */ = {isa = PBXBuildFile; fileRef = D0979B6C1F4B341200B8407F /* LandingViewModel.swift */; };
		D0979B801F4B495800B8407F /* SignUpViewModelTests.swift in Sources */ = {isa = PBXBuildFile; fileRef = D0979B7F1F4B495800B8407F /* SignUpViewModelTests.swift */; };
		D0979B821F4B580800B8407F /* TestObserver.swift in Sources */ = {isa = PBXBuildFile; fileRef = D0979B811F4B580800B8407F /* TestObserver.swift */; };
		D0B0CDEB1F4671E8006201CE /* AppDelegate.swift in Sources */ = {isa = PBXBuildFile; fileRef = D0B0CDEA1F4671E8006201CE /* AppDelegate.swift */; };
		D0B0CDF01F4671E8006201CE /* Main.storyboard in Resources */ = {isa = PBXBuildFile; fileRef = D0B0CDEE1F4671E8006201CE /* Main.storyboard */; };
		D0B0CDF21F4671E8006201CE /* Assets.xcassets in Resources */ = {isa = PBXBuildFile; fileRef = D0B0CDF11F4671E8006201CE /* Assets.xcassets */; };
		D0B0CDF51F4671E8006201CE /* LaunchScreen.storyboard in Resources */ = {isa = PBXBuildFile; fileRef = D0B0CDF31F4671E8006201CE /* LaunchScreen.storyboard */; };
		D0B0CE001F4671E8006201CE /* CrystalClipboardTests.swift in Sources */ = {isa = PBXBuildFile; fileRef = D0B0CDFF1F4671E8006201CE /* CrystalClipboardTests.swift */; };
		D0B0CE0B1F4671E8006201CE /* CrystalClipboardUITests.swift in Sources */ = {isa = PBXBuildFile; fileRef = D0B0CE0A1F4671E8006201CE /* CrystalClipboardUITests.swift */; };
		D0C70AED1F4E4454003C5C1B /* JSONDeserializableTests.swift in Sources */ = {isa = PBXBuildFile; fileRef = D0C70AEC1F4E4454003C5C1B /* JSONDeserializableTests.swift */; };
		D0D59B701F4A0A0100200ABD /* Cable.swift in Sources */ = {isa = PBXBuildFile; fileRef = D0D59B6F1F4A0A0100200ABD /* Cable.swift */; };
/* End PBXBuildFile section */

/* Begin PBXContainerItemProxy section */
		D0B0CDFC1F4671E8006201CE /* PBXContainerItemProxy */ = {
			isa = PBXContainerItemProxy;
			containerPortal = D0B0CDDF1F4671E8006201CE /* Project object */;
			proxyType = 1;
			remoteGlobalIDString = D0B0CDE61F4671E8006201CE;
			remoteInfo = CrystalClipboard;
		};
		D0B0CE071F4671E8006201CE /* PBXContainerItemProxy */ = {
			isa = PBXContainerItemProxy;
			containerPortal = D0B0CDDF1F4671E8006201CE /* Project object */;
			proxyType = 1;
			remoteGlobalIDString = D0B0CDE61F4671E8006201CE;
			remoteInfo = CrystalClipboard;
		};
/* End PBXContainerItemProxy section */

/* Begin PBXFileReference section */
		036FB4EE4B70B036D66AEB84 /* Pods-CrystalClipboard.production.xcconfig */ = {isa = PBXFileReference; includeInIndex = 1; lastKnownFileType = text.xcconfig; name = "Pods-CrystalClipboard.production.xcconfig"; path = "Pods/Target Support Files/Pods-CrystalClipboard/Pods-CrystalClipboard.production.xcconfig"; sourceTree = "<group>"; };
		049571459341AB9B7512531E /* Pods-CrystalClipboard-CrystalClipboardTests.release.xcconfig */ = {isa = PBXFileReference; includeInIndex = 1; lastKnownFileType = text.xcconfig; name = "Pods-CrystalClipboard-CrystalClipboardTests.release.xcconfig"; path = "Pods/Target Support Files/Pods-CrystalClipboard-CrystalClipboardTests/Pods-CrystalClipboard-CrystalClipboardTests.release.xcconfig"; sourceTree = "<group>"; };
		1F8E08AE67B4CCC73144131C /* Pods-CrystalClipboard-CrystalClipboardUITests.production.xcconfig */ = {isa = PBXFileReference; includeInIndex = 1; lastKnownFileType = text.xcconfig; name = "Pods-CrystalClipboard-CrystalClipboardUITests.production.xcconfig"; path = "Pods/Target Support Files/Pods-CrystalClipboard-CrystalClipboardUITests/Pods-CrystalClipboard-CrystalClipboardUITests.production.xcconfig"; sourceTree = "<group>"; };
		2DDB744BC89EB2A5AAB315A0 /* Pods-CrystalClipboard.release.xcconfig */ = {isa = PBXFileReference; includeInIndex = 1; lastKnownFileType = text.xcconfig; name = "Pods-CrystalClipboard.release.xcconfig"; path = "Pods/Target Support Files/Pods-CrystalClipboard/Pods-CrystalClipboard.release.xcconfig"; sourceTree = "<group>"; };
		3CD82DAABCF3EFB0DB952AD3 /* Pods_CrystalClipboard.framework */ = {isa = PBXFileReference; explicitFileType = wrapper.framework; includeInIndex = 0; path = Pods_CrystalClipboard.framework; sourceTree = BUILT_PRODUCTS_DIR; };
		45FB058D9BD0827705930D3E /* Pods-CrystalClipboard-CrystalClipboardUITests.debug.xcconfig */ = {isa = PBXFileReference; includeInIndex = 1; lastKnownFileType = text.xcconfig; name = "Pods-CrystalClipboard-CrystalClipboardUITests.debug.xcconfig"; path = "Pods/Target Support Files/Pods-CrystalClipboard-CrystalClipboardUITests/Pods-CrystalClipboard-CrystalClipboardUITests.debug.xcconfig"; sourceTree = "<group>"; };
		98AC7623A1F6DE69C6EFFEC0 /* Pods-CrystalClipboard.staging.xcconfig */ = {isa = PBXFileReference; includeInIndex = 1; lastKnownFileType = text.xcconfig; name = "Pods-CrystalClipboard.staging.xcconfig"; path = "Pods/Target Support Files/Pods-CrystalClipboard/Pods-CrystalClipboard.staging.xcconfig"; sourceTree = "<group>"; };
		A17C59FE1324900FFB22280F /* Pods-CrystalClipboard-CrystalClipboardUITests.staging.xcconfig */ = {isa = PBXFileReference; includeInIndex = 1; lastKnownFileType = text.xcconfig; name = "Pods-CrystalClipboard-CrystalClipboardUITests.staging.xcconfig"; path = "Pods/Target Support Files/Pods-CrystalClipboard-CrystalClipboardUITests/Pods-CrystalClipboard-CrystalClipboardUITests.staging.xcconfig"; sourceTree = "<group>"; };
		AAB6D1252A5CFB8E0A71638C /* Pods_CrystalClipboard_CrystalClipboardUITests.framework */ = {isa = PBXFileReference; explicitFileType = wrapper.framework; includeInIndex = 0; path = Pods_CrystalClipboard_CrystalClipboardUITests.framework; sourceTree = BUILT_PRODUCTS_DIR; };
		C526E4CC18C0F90CF02AF061 /* Pods-CrystalClipboard-CrystalClipboardTests.production.xcconfig */ = {isa = PBXFileReference; includeInIndex = 1; lastKnownFileType = text.xcconfig; name = "Pods-CrystalClipboard-CrystalClipboardTests.production.xcconfig"; path = "Pods/Target Support Files/Pods-CrystalClipboard-CrystalClipboardTests/Pods-CrystalClipboard-CrystalClipboardTests.production.xcconfig"; sourceTree = "<group>"; };
		C6AEB327ECEAE3823D0BFB96 /* Pods_CrystalClipboard_CrystalClipboardTests.framework */ = {isa = PBXFileReference; explicitFileType = wrapper.framework; includeInIndex = 0; path = Pods_CrystalClipboard_CrystalClipboardTests.framework; sourceTree = BUILT_PRODUCTS_DIR; };
		D00D68361F55CAF80029BC79 /* Identifiers.swift */ = {isa = PBXFileReference; fileEncoding = 4; lastKnownFileType = sourcecode.swift; path = Identifiers.swift; sourceTree = "<group>"; };
		D0112B801F4A7BAE00999761 /* CrystalClipboard.xcdatamodel */ = {isa = PBXFileReference; lastKnownFileType = wrapper.xcdatamodel; path = CrystalClipboard.xcdatamodel; sourceTree = "<group>"; };
		D0112B841F4A7E8400999761 /* ManagedClip.swift */ = {isa = PBXFileReference; fileEncoding = 4; lastKnownFileType = sourcecode.swift; name = ManagedClip.swift; path = Model/ManagedClip.swift; sourceTree = "<group>"; };
		D031F6311F4BFA1600530226 /* ResponseErrorDataTests.swift */ = {isa = PBXFileReference; fileEncoding = 4; lastKnownFileType = sourcecode.swift; path = ResponseErrorDataTests.swift; sourceTree = "<group>"; };
		D03ABD3D1F4D37F000A7D473 /* Constants.swift */ = {isa = PBXFileReference; fileEncoding = 4; lastKnownFileType = sourcecode.swift; path = Constants.swift; sourceTree = "<group>"; };
		D03ABD3F1F4E8FF600A7D473 /* Clip.swift */ = {isa = PBXFileReference; fileEncoding = 4; lastKnownFileType = sourcecode.swift; name = Clip.swift; path = Model/Clip.swift; sourceTree = "<group>"; };
		D03ABD411F4E902400A7D473 /* ClipTests.swift */ = {isa = PBXFileReference; fileEncoding = 4; lastKnownFileType = sourcecode.swift; name = ClipTests.swift; path = Model/ClipTests.swift; sourceTree = "<group>"; };
		D04C144D1F4697A20068AEA0 /* CrystalClipboardAPI.swift */ = {isa = PBXFileReference; fileEncoding = 4; lastKnownFileType = sourcecode.swift; name = CrystalClipboardAPI.swift; path = Networking/CrystalClipboardAPI.swift; sourceTree = "<group>"; };
		D04DBF8E1F4C8466002B5A02 /* SampleData.swift */ = {isa = PBXFileReference; fileEncoding = 4; lastKnownFileType = sourcecode.swift; name = SampleData.swift; path = Networking/SampleData.swift; sourceTree = "<group>"; };
		D05335FB1F4A861A0077B1F9 /* ManagedClipTests.swift */ = {isa = PBXFileReference; fileEncoding = 4; lastKnownFileType = sourcecode.swift; name = ManagedClipTests.swift; path = Model/ManagedClipTests.swift; sourceTree = "<group>"; };
		D05335FD1F4A87DA0077B1F9 /* CoreDataTestCase.swift */ = {isa = PBXFileReference; fileEncoding = 4; lastKnownFileType = sourcecode.swift; path = CoreDataTestCase.swift; sourceTree = "<group>"; };
		D05336041F4A9E700077B1F9 /* DateParser.swift */ = {isa = PBXFileReference; fileEncoding = 4; lastKnownFileType = sourcecode.swift; name = DateParser.swift; path = Utilities/DateParser.swift; sourceTree = "<group>"; };
		D085FAF31F4BF6AD0022C806 /* ResponseErrorData.swift */ = {isa = PBXFileReference; fileEncoding = 4; lastKnownFileType = sourcecode.swift; name = ResponseErrorData.swift; path = Networking/ResponseErrorData.swift; sourceTree = "<group>"; };
		D0909B691F4D23B7000F584B /* en */ = {isa = PBXFileReference; lastKnownFileType = text.plist.strings; name = en; path = en.lproj/Main.strings; sourceTree = "<group>"; };
		D0909B6C1F4D2513000F584B /* Localizable.strings */ = {isa = PBXFileReference; fileEncoding = 4; lastKnownFileType = text.plist.strings; path = Localizable.strings; sourceTree = "<group>"; };
		D0909B6F1F4D282C000F584B /* String+Localized.swift */ = {isa = PBXFileReference; fileEncoding = 4; lastKnownFileType = sourcecode.swift; name = "String+Localized.swift"; path = "Extensions/String+Localized.swift"; sourceTree = "<group>"; };
		D095D8C11F4E260800D15CE4 /* User.swift */ = {isa = PBXFileReference; fileEncoding = 4; lastKnownFileType = sourcecode.swift; name = User.swift; path = Model/User.swift; sourceTree = "<group>"; };
		D095D8C31F4E261A00D15CE4 /* AuthToken.swift */ = {isa = PBXFileReference; fileEncoding = 4; lastKnownFileType = sourcecode.swift; name = AuthToken.swift; path = Model/AuthToken.swift; sourceTree = "<group>"; };
		D095D8C81F4E26E700D15CE4 /* JSONDeserializable.swift */ = {isa = PBXFileReference; fileEncoding = 4; lastKnownFileType = sourcecode.swift; name = JSONDeserializable.swift; path = Protocols/JSONDeserializable.swift; sourceTree = "<group>"; };
		D095D8CC1F4E2E9300D15CE4 /* UserTests.swift */ = {isa = PBXFileReference; fileEncoding = 4; lastKnownFileType = sourcecode.swift; name = UserTests.swift; path = Model/UserTests.swift; sourceTree = "<group>"; };
		D095D8CE1F4E2EB500D15CE4 /* AuthTokenTests.swift */ = {isa = PBXFileReference; fileEncoding = 4; lastKnownFileType = sourcecode.swift; name = AuthTokenTests.swift; path = Model/AuthTokenTests.swift; sourceTree = "<group>"; };
		D0979B621F4B306100B8407F /* RootViewController.swift */ = {isa = PBXFileReference; fileEncoding = 4; lastKnownFileType = sourcecode.swift; path = RootViewController.swift; sourceTree = "<group>"; };
		D0979B661F4B31EB00B8407F /* SignUpViewController.swift */ = {isa = PBXFileReference; fileEncoding = 4; lastKnownFileType = sourcecode.swift; path = SignUpViewController.swift; sourceTree = "<group>"; };
		D0979B681F4B325300B8407F /* SignUpViewModel.swift */ = {isa = PBXFileReference; fileEncoding = 4; lastKnownFileType = sourcecode.swift; name = SignUpViewModel.swift; path = "View Models/SignUpViewModel.swift"; sourceTree = "<group>"; };
		D0979B6A1F4B33F300B8407F /* LandingViewController.swift */ = {isa = PBXFileReference; fileEncoding = 4; lastKnownFileType = sourcecode.swift; path = LandingViewController.swift; sourceTree = "<group>"; };
		D0979B6C1F4B341200B8407F /* LandingViewModel.swift */ = {isa = PBXFileReference; fileEncoding = 4; lastKnownFileType = sourcecode.swift; name = LandingViewModel.swift; path = "View Models/LandingViewModel.swift"; sourceTree = "<group>"; };
		D0979B7F1F4B495800B8407F /* SignUpViewModelTests.swift */ = {isa = PBXFileReference; fileEncoding = 4; lastKnownFileType = sourcecode.swift; name = SignUpViewModelTests.swift; path = "View Models/SignUpViewModelTests.swift"; sourceTree = "<group>"; };
		D0979B811F4B580800B8407F /* TestObserver.swift */ = {isa = PBXFileReference; fileEncoding = 4; lastKnownFileType = sourcecode.swift; path = TestObserver.swift; sourceTree = "<group>"; };
		D0B0CDE71F4671E8006201CE /* CrystalClipboard.app */ = {isa = PBXFileReference; explicitFileType = wrapper.application; includeInIndex = 0; path = CrystalClipboard.app; sourceTree = BUILT_PRODUCTS_DIR; };
		D0B0CDEA1F4671E8006201CE /* AppDelegate.swift */ = {isa = PBXFileReference; lastKnownFileType = sourcecode.swift; path = AppDelegate.swift; sourceTree = "<group>"; };
		D0B0CDEF1F4671E8006201CE /* Base */ = {isa = PBXFileReference; lastKnownFileType = file.storyboard; name = Base; path = Base.lproj/Main.storyboard; sourceTree = "<group>"; };
		D0B0CDF11F4671E8006201CE /* Assets.xcassets */ = {isa = PBXFileReference; lastKnownFileType = folder.assetcatalog; path = Assets.xcassets; sourceTree = "<group>"; };
		D0B0CDF41F4671E8006201CE /* Base */ = {isa = PBXFileReference; lastKnownFileType = file.storyboard; name = Base; path = Base.lproj/LaunchScreen.storyboard; sourceTree = "<group>"; };
		D0B0CDF61F4671E8006201CE /* Info.plist */ = {isa = PBXFileReference; lastKnownFileType = text.plist.xml; path = Info.plist; sourceTree = "<group>"; };
		D0B0CDFB1F4671E8006201CE /* CrystalClipboardTests.xctest */ = {isa = PBXFileReference; explicitFileType = wrapper.cfbundle; includeInIndex = 0; path = CrystalClipboardTests.xctest; sourceTree = BUILT_PRODUCTS_DIR; };
		D0B0CDFF1F4671E8006201CE /* CrystalClipboardTests.swift */ = {isa = PBXFileReference; lastKnownFileType = sourcecode.swift; path = CrystalClipboardTests.swift; sourceTree = "<group>"; };
		D0B0CE011F4671E8006201CE /* Info.plist */ = {isa = PBXFileReference; lastKnownFileType = text.plist.xml; path = Info.plist; sourceTree = "<group>"; };
		D0B0CE061F4671E8006201CE /* CrystalClipboardUITests.xctest */ = {isa = PBXFileReference; explicitFileType = wrapper.cfbundle; includeInIndex = 0; path = CrystalClipboardUITests.xctest; sourceTree = BUILT_PRODUCTS_DIR; };
		D0B0CE0A1F4671E8006201CE /* CrystalClipboardUITests.swift */ = {isa = PBXFileReference; lastKnownFileType = sourcecode.swift; path = CrystalClipboardUITests.swift; sourceTree = "<group>"; };
		D0B0CE0C1F4671E8006201CE /* Info.plist */ = {isa = PBXFileReference; lastKnownFileType = text.plist.xml; path = Info.plist; sourceTree = "<group>"; };
		D0C70AEC1F4E4454003C5C1B /* JSONDeserializableTests.swift */ = {isa = PBXFileReference; fileEncoding = 4; lastKnownFileType = sourcecode.swift; name = JSONDeserializableTests.swift; path = Protocols/JSONDeserializableTests.swift; sourceTree = "<group>"; };
		D0D59B6F1F4A0A0100200ABD /* Cable.swift */ = {isa = PBXFileReference; fileEncoding = 4; lastKnownFileType = sourcecode.swift; name = Cable.swift; path = Networking/Cable.swift; sourceTree = "<group>"; };
		D22B5B8698FE83A31D24280D /* Pods-CrystalClipboard-CrystalClipboardTests.staging.xcconfig */ = {isa = PBXFileReference; includeInIndex = 1; lastKnownFileType = text.xcconfig; name = "Pods-CrystalClipboard-CrystalClipboardTests.staging.xcconfig"; path = "Pods/Target Support Files/Pods-CrystalClipboard-CrystalClipboardTests/Pods-CrystalClipboard-CrystalClipboardTests.staging.xcconfig"; sourceTree = "<group>"; };
		DD3162C9717AFAFB194112F5 /* Pods-CrystalClipboard-CrystalClipboardUITests.release.xcconfig */ = {isa = PBXFileReference; includeInIndex = 1; lastKnownFileType = text.xcconfig; name = "Pods-CrystalClipboard-CrystalClipboardUITests.release.xcconfig"; path = "Pods/Target Support Files/Pods-CrystalClipboard-CrystalClipboardUITests/Pods-CrystalClipboard-CrystalClipboardUITests.release.xcconfig"; sourceTree = "<group>"; };
		DE6B83F86CF51E1C918D30E6 /* Pods-CrystalClipboard-CrystalClipboardTests.debug.xcconfig */ = {isa = PBXFileReference; includeInIndex = 1; lastKnownFileType = text.xcconfig; name = "Pods-CrystalClipboard-CrystalClipboardTests.debug.xcconfig"; path = "Pods/Target Support Files/Pods-CrystalClipboard-CrystalClipboardTests/Pods-CrystalClipboard-CrystalClipboardTests.debug.xcconfig"; sourceTree = "<group>"; };
		E68A0DE5861D5A1DDBC176A1 /* Pods-CrystalClipboard.debug.xcconfig */ = {isa = PBXFileReference; includeInIndex = 1; lastKnownFileType = text.xcconfig; name = "Pods-CrystalClipboard.debug.xcconfig"; path = "Pods/Target Support Files/Pods-CrystalClipboard/Pods-CrystalClipboard.debug.xcconfig"; sourceTree = "<group>"; };
/* End PBXFileReference section */

/* Begin PBXFrameworksBuildPhase section */
		D0B0CDE41F4671E8006201CE /* Frameworks */ = {
			isa = PBXFrameworksBuildPhase;
			buildActionMask = 2147483647;
			files = (
				071DD13392D6F63A9C9E6577 /* Pods_CrystalClipboard.framework in Frameworks */,
			);
			runOnlyForDeploymentPostprocessing = 0;
		};
		D0B0CDF81F4671E8006201CE /* Frameworks */ = {
			isa = PBXFrameworksBuildPhase;
			buildActionMask = 2147483647;
			files = (
				AC34E29D5531A22239EC7F0A /* Pods_CrystalClipboard_CrystalClipboardTests.framework in Frameworks */,
			);
			runOnlyForDeploymentPostprocessing = 0;
		};
		D0B0CE031F4671E8006201CE /* Frameworks */ = {
			isa = PBXFrameworksBuildPhase;
			buildActionMask = 2147483647;
			files = (
				5139455BEAD1A38DFBEC3EFE /* Pods_CrystalClipboard_CrystalClipboardUITests.framework in Frameworks */,
			);
			runOnlyForDeploymentPostprocessing = 0;
		};
/* End PBXFrameworksBuildPhase section */

/* Begin PBXGroup section */
		27715EBB51F30EDB520AAC9E /* Pods */ = {
			isa = PBXGroup;
			children = (
				E68A0DE5861D5A1DDBC176A1 /* Pods-CrystalClipboard.debug.xcconfig */,
				2DDB744BC89EB2A5AAB315A0 /* Pods-CrystalClipboard.release.xcconfig */,
				98AC7623A1F6DE69C6EFFEC0 /* Pods-CrystalClipboard.staging.xcconfig */,
				036FB4EE4B70B036D66AEB84 /* Pods-CrystalClipboard.production.xcconfig */,
				DE6B83F86CF51E1C918D30E6 /* Pods-CrystalClipboard-CrystalClipboardTests.debug.xcconfig */,
				D22B5B8698FE83A31D24280D /* Pods-CrystalClipboard-CrystalClipboardTests.staging.xcconfig */,
				049571459341AB9B7512531E /* Pods-CrystalClipboard-CrystalClipboardTests.release.xcconfig */,
				C526E4CC18C0F90CF02AF061 /* Pods-CrystalClipboard-CrystalClipboardTests.production.xcconfig */,
				45FB058D9BD0827705930D3E /* Pods-CrystalClipboard-CrystalClipboardUITests.debug.xcconfig */,
				A17C59FE1324900FFB22280F /* Pods-CrystalClipboard-CrystalClipboardUITests.staging.xcconfig */,
				DD3162C9717AFAFB194112F5 /* Pods-CrystalClipboard-CrystalClipboardUITests.release.xcconfig */,
				1F8E08AE67B4CCC73144131C /* Pods-CrystalClipboard-CrystalClipboardUITests.production.xcconfig */,
			);
			name = Pods;
			sourceTree = "<group>";
		};
		D0112B7E1F4A7B5200999761 /* Model */ = {
			isa = PBXGroup;
			children = (
				D095D8C31F4E261A00D15CE4 /* AuthToken.swift */,
				D03ABD3F1F4E8FF600A7D473 /* Clip.swift */,
				D0112B7F1F4A7BAE00999761 /* CrystalClipboard.xcdatamodeld */,
				D0112B841F4A7E8400999761 /* ManagedClip.swift */,
				D095D8C11F4E260800D15CE4 /* User.swift */,
			);
			name = Model;
			sourceTree = "<group>";
		};
		D031F62D1F4BF9AC00530226 /* Networking */ = {
			isa = PBXGroup;
			children = (
				D031F6311F4BFA1600530226 /* ResponseErrorDataTests.swift */,
			);
			name = Networking;
			sourceTree = "<group>";
		};
		D035A2C31F46921000B6887B /* Supporting Files */ = {
			isa = PBXGroup;
			children = (
				D0B0CDF61F4671E8006201CE /* Info.plist */,
				D0909B6C1F4D2513000F584B /* Localizable.strings */,
			);
			path = "Supporting Files";
			sourceTree = "<group>";
		};
		D035A2C41F46923E00B6887B /* Storyboards */ = {
			isa = PBXGroup;
			children = (
				D0B0CDF31F4671E8006201CE /* LaunchScreen.storyboard */,
				D0B0CDEE1F4671E8006201CE /* Main.storyboard */,
				D00D68361F55CAF80029BC79 /* Identifiers.swift */,
			);
			path = Storyboards;
			sourceTree = "<group>";
		};
		D035A2C51F46928600B6887B /* Controllers */ = {
			isa = PBXGroup;
			children = (
				D0979B621F4B306100B8407F /* RootViewController.swift */,
				D0979B661F4B31EB00B8407F /* SignUpViewController.swift */,
				D0979B6A1F4B33F300B8407F /* LandingViewController.swift */,
			);
			path = Controllers;
			sourceTree = "<group>";
		};
		D035A2C61F46929A00B6887B /* Supporting Files */ = {
			isa = PBXGroup;
			children = (
				D0B0CE0C1F4671E8006201CE /* Info.plist */,
			);
			path = "Supporting Files";
			sourceTree = "<group>";
		};
		D035A2C71F4692A800B6887B /* Supporting Files */ = {
			isa = PBXGroup;
			children = (
				D0B0CE011F4671E8006201CE /* Info.plist */,
			);
			path = "Supporting Files";
			sourceTree = "<group>";
		};
		D04C144C1F46975E0068AEA0 /* Networking */ = {
			isa = PBXGroup;
			children = (
				D0D59B6F1F4A0A0100200ABD /* Cable.swift */,
				D04C144D1F4697A20068AEA0 /* CrystalClipboardAPI.swift */,
				D085FAF31F4BF6AD0022C806 /* ResponseErrorData.swift */,
				D04DBF8E1F4C8466002B5A02 /* SampleData.swift */,
			);
			name = Networking;
			sourceTree = "<group>";
		};
		D05335FA1F4A85FA0077B1F9 /* Model */ = {
			isa = PBXGroup;
			children = (
				D095D8CE1F4E2EB500D15CE4 /* AuthTokenTests.swift */,
				D03ABD411F4E902400A7D473 /* ClipTests.swift */,
				D05335FB1F4A861A0077B1F9 /* ManagedClipTests.swift */,
				D095D8CC1F4E2E9300D15CE4 /* UserTests.swift */,
			);
			name = Model;
			sourceTree = "<group>";
		};
		D05336031F4A9E240077B1F9 /* Utilities */ = {
			isa = PBXGroup;
			children = (
				D05336041F4A9E700077B1F9 /* DateParser.swift */,
			);
			name = Utilities;
			sourceTree = "<group>";
		};
		D0909B6E1F4D27C0000F584B /* Extensions */ = {
			isa = PBXGroup;
			children = (
				D0909B6F1F4D282C000F584B /* String+Localized.swift */,
			);
			name = Extensions;
			sourceTree = "<group>";
		};
		D095D8C51F4E268700D15CE4 /* Protocols */ = {
			isa = PBXGroup;
			children = (
				D095D8C81F4E26E700D15CE4 /* JSONDeserializable.swift */,
			);
			name = Protocols;
			sourceTree = "<group>";
		};
		D0979B651F4B31B200B8407F /* View Models */ = {
			isa = PBXGroup;
			children = (
				D0979B681F4B325300B8407F /* SignUpViewModel.swift */,
				D0979B6C1F4B341200B8407F /* LandingViewModel.swift */,
			);
			name = "View Models";
			sourceTree = "<group>";
		};
		D0979B7E1F4B491100B8407F /* View Models */ = {
			isa = PBXGroup;
			children = (
				D0979B7F1F4B495800B8407F /* SignUpViewModelTests.swift */,
			);
			name = "View Models";
			sourceTree = "<group>";
		};
		D0B0CDDE1F4671E8006201CE = {
			isa = PBXGroup;
			children = (
				D0B0CDE91F4671E8006201CE /* CrystalClipboard */,
				D0B0CDFE1F4671E8006201CE /* CrystalClipboardTests */,
				D0B0CE091F4671E8006201CE /* CrystalClipboardUITests */,
				D0B0CDE81F4671E8006201CE /* Products */,
				27715EBB51F30EDB520AAC9E /* Pods */,
				F1B40374E4D5B68ECE5498FB /* Frameworks */,
			);
			sourceTree = "<group>";
		};
		D0B0CDE81F4671E8006201CE /* Products */ = {
			isa = PBXGroup;
			children = (
				D0B0CDE71F4671E8006201CE /* CrystalClipboard.app */,
				D0B0CDFB1F4671E8006201CE /* CrystalClipboardTests.xctest */,
				D0B0CE061F4671E8006201CE /* CrystalClipboardUITests.xctest */,
			);
			name = Products;
			sourceTree = "<group>";
		};
		D0B0CDE91F4671E8006201CE /* CrystalClipboard */ = {
			isa = PBXGroup;
			children = (
				D0B0CDEA1F4671E8006201CE /* AppDelegate.swift */,
				D0B0CDF11F4671E8006201CE /* Assets.xcassets */,
				D03ABD3D1F4D37F000A7D473 /* Constants.swift */,
				D035A2C51F46928600B6887B /* Controllers */,
				D0909B6E1F4D27C0000F584B /* Extensions */,
				D0112B7E1F4A7B5200999761 /* Model */,
				D04C144C1F46975E0068AEA0 /* Networking */,
				D095D8C51F4E268700D15CE4 /* Protocols */,
				D035A2C41F46923E00B6887B /* Storyboards */,
				D035A2C31F46921000B6887B /* Supporting Files */,
				D05336031F4A9E240077B1F9 /* Utilities */,
				D0979B651F4B31B200B8407F /* View Models */,
			);
			path = CrystalClipboard;
			sourceTree = "<group>";
		};
		D0B0CDFE1F4671E8006201CE /* CrystalClipboardTests */ = {
			isa = PBXGroup;
			children = (
				D05335FD1F4A87DA0077B1F9 /* CoreDataTestCase.swift */,
				D0B0CDFF1F4671E8006201CE /* CrystalClipboardTests.swift */,
				D05335FA1F4A85FA0077B1F9 /* Model */,
				D031F62D1F4BF9AC00530226 /* Networking */,
				D0C70AEB1F4E4405003C5C1B /* Protocols */,
				D035A2C71F4692A800B6887B /* Supporting Files */,
				D0979B811F4B580800B8407F /* TestObserver.swift */,
				D0979B7E1F4B491100B8407F /* View Models */,
			);
			path = CrystalClipboardTests;
			sourceTree = "<group>";
		};
		D0B0CE091F4671E8006201CE /* CrystalClipboardUITests */ = {
			isa = PBXGroup;
			children = (
				D035A2C61F46929A00B6887B /* Supporting Files */,
				D0B0CE0A1F4671E8006201CE /* CrystalClipboardUITests.swift */,
			);
			path = CrystalClipboardUITests;
			sourceTree = "<group>";
		};
		D0C70AEB1F4E4405003C5C1B /* Protocols */ = {
			isa = PBXGroup;
			children = (
				D0C70AEC1F4E4454003C5C1B /* JSONDeserializableTests.swift */,
			);
			name = Protocols;
			sourceTree = "<group>";
		};
		F1B40374E4D5B68ECE5498FB /* Frameworks */ = {
			isa = PBXGroup;
			children = (
				3CD82DAABCF3EFB0DB952AD3 /* Pods_CrystalClipboard.framework */,
				C6AEB327ECEAE3823D0BFB96 /* Pods_CrystalClipboard_CrystalClipboardTests.framework */,
				AAB6D1252A5CFB8E0A71638C /* Pods_CrystalClipboard_CrystalClipboardUITests.framework */,
			);
			name = Frameworks;
			sourceTree = "<group>";
		};
/* End PBXGroup section */

/* Begin PBXNativeTarget section */
		D0B0CDE61F4671E8006201CE /* CrystalClipboard */ = {
			isa = PBXNativeTarget;
			buildConfigurationList = D0B0CE0F1F4671E8006201CE /* Build configuration list for PBXNativeTarget "CrystalClipboard" */;
			buildPhases = (
				13FFB9CF8D13BB90E478D68B /* [CP] Check Pods Manifest.lock */,
				D0B0CDE31F4671E8006201CE /* Sources */,
				D0B0CDE41F4671E8006201CE /* Frameworks */,
				D0B0CDE51F4671E8006201CE /* Resources */,
				C94923CFACD419EC3592554C /* [CP] Embed Pods Frameworks */,
				4160214CE2B9C9976CC60135 /* [CP] Copy Pods Resources */,
			);
			buildRules = (
			);
			dependencies = (
			);
			name = CrystalClipboard;
			productName = CrystalClipboard;
			productReference = D0B0CDE71F4671E8006201CE /* CrystalClipboard.app */;
			productType = "com.apple.product-type.application";
		};
		D0B0CDFA1F4671E8006201CE /* CrystalClipboardTests */ = {
			isa = PBXNativeTarget;
			buildConfigurationList = D0B0CE121F4671E8006201CE /* Build configuration list for PBXNativeTarget "CrystalClipboardTests" */;
			buildPhases = (
				0E0DA262DACF8775E5A1DA6F /* [CP] Check Pods Manifest.lock */,
				D0B0CDF71F4671E8006201CE /* Sources */,
				D0B0CDF81F4671E8006201CE /* Frameworks */,
				D0B0CDF91F4671E8006201CE /* Resources */,
				3B06FDB0EA5A029036AC503F /* [CP] Embed Pods Frameworks */,
				3AED5FB41292C0E7871FCC46 /* [CP] Copy Pods Resources */,
			);
			buildRules = (
			);
			dependencies = (
				D0B0CDFD1F4671E8006201CE /* PBXTargetDependency */,
			);
			name = CrystalClipboardTests;
			productName = CrystalClipboardTests;
			productReference = D0B0CDFB1F4671E8006201CE /* CrystalClipboardTests.xctest */;
			productType = "com.apple.product-type.bundle.unit-test";
		};
		D0B0CE051F4671E8006201CE /* CrystalClipboardUITests */ = {
			isa = PBXNativeTarget;
			buildConfigurationList = D0B0CE151F4671E8006201CE /* Build configuration list for PBXNativeTarget "CrystalClipboardUITests" */;
			buildPhases = (
				0950069888569888E70761B0 /* [CP] Check Pods Manifest.lock */,
				D0B0CE021F4671E8006201CE /* Sources */,
				D0B0CE031F4671E8006201CE /* Frameworks */,
				D0B0CE041F4671E8006201CE /* Resources */,
				B2800E088E15B75FB922CF7E /* [CP] Embed Pods Frameworks */,
				AE7EE93112A6B2331635A40A /* [CP] Copy Pods Resources */,
			);
			buildRules = (
			);
			dependencies = (
				D0B0CE081F4671E8006201CE /* PBXTargetDependency */,
			);
			name = CrystalClipboardUITests;
			productName = CrystalClipboardUITests;
			productReference = D0B0CE061F4671E8006201CE /* CrystalClipboardUITests.xctest */;
			productType = "com.apple.product-type.bundle.ui-testing";
		};
/* End PBXNativeTarget section */

/* Begin PBXProject section */
		D0B0CDDF1F4671E8006201CE /* Project object */ = {
			isa = PBXProject;
			attributes = {
				LastSwiftUpdateCheck = 0830;
				LastUpgradeCheck = 0830;
				ORGANIZATIONNAME = "Justin Mazzocchi";
				TargetAttributes = {
					D0B0CDE61F4671E8006201CE = {
						CreatedOnToolsVersion = 8.3.3;
						DevelopmentTeam = 9YXHY5F5AA;
						ProvisioningStyle = Automatic;
					};
					D0B0CDFA1F4671E8006201CE = {
						CreatedOnToolsVersion = 8.3.3;
						DevelopmentTeam = 9YXHY5F5AA;
						ProvisioningStyle = Automatic;
						TestTargetID = D0B0CDE61F4671E8006201CE;
					};
					D0B0CE051F4671E8006201CE = {
						CreatedOnToolsVersion = 8.3.3;
						DevelopmentTeam = 9YXHY5F5AA;
						ProvisioningStyle = Automatic;
						TestTargetID = D0B0CDE61F4671E8006201CE;
					};
				};
			};
			buildConfigurationList = D0B0CDE21F4671E8006201CE /* Build configuration list for PBXProject "CrystalClipboard" */;
			compatibilityVersion = "Xcode 3.2";
			developmentRegion = English;
			hasScannedForEncodings = 0;
			knownRegions = (
				en,
				Base,
			);
			mainGroup = D0B0CDDE1F4671E8006201CE;
			productRefGroup = D0B0CDE81F4671E8006201CE /* Products */;
			projectDirPath = "";
			projectRoot = "";
			targets = (
				D0B0CDE61F4671E8006201CE /* CrystalClipboard */,
				D0B0CDFA1F4671E8006201CE /* CrystalClipboardTests */,
				D0B0CE051F4671E8006201CE /* CrystalClipboardUITests */,
			);
		};
/* End PBXProject section */

/* Begin PBXResourcesBuildPhase section */
		D0B0CDE51F4671E8006201CE /* Resources */ = {
			isa = PBXResourcesBuildPhase;
			buildActionMask = 2147483647;
			files = (
				D0B0CDF51F4671E8006201CE /* LaunchScreen.storyboard in Resources */,
				D0909B6D1F4D2513000F584B /* Localizable.strings in Resources */,
				D0B0CDF21F4671E8006201CE /* Assets.xcassets in Resources */,
				D0B0CDF01F4671E8006201CE /* Main.storyboard in Resources */,
			);
			runOnlyForDeploymentPostprocessing = 0;
		};
		D0B0CDF91F4671E8006201CE /* Resources */ = {
			isa = PBXResourcesBuildPhase;
			buildActionMask = 2147483647;
			files = (
			);
			runOnlyForDeploymentPostprocessing = 0;
		};
		D0B0CE041F4671E8006201CE /* Resources */ = {
			isa = PBXResourcesBuildPhase;
			buildActionMask = 2147483647;
			files = (
			);
			runOnlyForDeploymentPostprocessing = 0;
		};
/* End PBXResourcesBuildPhase section */

/* Begin PBXShellScriptBuildPhase section */
		0950069888569888E70761B0 /* [CP] Check Pods Manifest.lock */ = {
			isa = PBXShellScriptBuildPhase;
			buildActionMask = 2147483647;
			files = (
			);
			inputPaths = (
				"${PODS_PODFILE_DIR_PATH}/Podfile.lock",
				"${PODS_ROOT}/Manifest.lock",
			);
			name = "[CP] Check Pods Manifest.lock";
			outputPaths = (
				"$(DERIVED_FILE_DIR)/Pods-CrystalClipboard-CrystalClipboardUITests-checkManifestLockResult.txt",
			);
			runOnlyForDeploymentPostprocessing = 0;
			shellPath = /bin/sh;
			shellScript = "diff \"${PODS_PODFILE_DIR_PATH}/Podfile.lock\" \"${PODS_ROOT}/Manifest.lock\" > /dev/null\nif [ $? != 0 ] ; then\n    # print error to STDERR\n    echo \"error: The sandbox is not in sync with the Podfile.lock. Run 'pod install' or update your CocoaPods installation.\" >&2\n    exit 1\nfi\n# This output is used by Xcode 'outputs' to avoid re-running this script phase.\necho \"SUCCESS\" > \"${SCRIPT_OUTPUT_FILE_0}\"\n";
			showEnvVarsInLog = 0;
		};
		0E0DA262DACF8775E5A1DA6F /* [CP] Check Pods Manifest.lock */ = {
			isa = PBXShellScriptBuildPhase;
			buildActionMask = 2147483647;
			files = (
			);
			inputPaths = (
				"${PODS_PODFILE_DIR_PATH}/Podfile.lock",
				"${PODS_ROOT}/Manifest.lock",
			);
			name = "[CP] Check Pods Manifest.lock";
			outputPaths = (
				"$(DERIVED_FILE_DIR)/Pods-CrystalClipboard-CrystalClipboardTests-checkManifestLockResult.txt",
			);
			runOnlyForDeploymentPostprocessing = 0;
			shellPath = /bin/sh;
			shellScript = "diff \"${PODS_PODFILE_DIR_PATH}/Podfile.lock\" \"${PODS_ROOT}/Manifest.lock\" > /dev/null\nif [ $? != 0 ] ; then\n    # print error to STDERR\n    echo \"error: The sandbox is not in sync with the Podfile.lock. Run 'pod install' or update your CocoaPods installation.\" >&2\n    exit 1\nfi\n# This output is used by Xcode 'outputs' to avoid re-running this script phase.\necho \"SUCCESS\" > \"${SCRIPT_OUTPUT_FILE_0}\"\n";
			showEnvVarsInLog = 0;
		};
		13FFB9CF8D13BB90E478D68B /* [CP] Check Pods Manifest.lock */ = {
			isa = PBXShellScriptBuildPhase;
			buildActionMask = 2147483647;
			files = (
			);
			inputPaths = (
				"${PODS_PODFILE_DIR_PATH}/Podfile.lock",
				"${PODS_ROOT}/Manifest.lock",
			);
			name = "[CP] Check Pods Manifest.lock";
			outputPaths = (
				"$(DERIVED_FILE_DIR)/Pods-CrystalClipboard-checkManifestLockResult.txt",
			);
			runOnlyForDeploymentPostprocessing = 0;
			shellPath = /bin/sh;
			shellScript = "diff \"${PODS_PODFILE_DIR_PATH}/Podfile.lock\" \"${PODS_ROOT}/Manifest.lock\" > /dev/null\nif [ $? != 0 ] ; then\n    # print error to STDERR\n    echo \"error: The sandbox is not in sync with the Podfile.lock. Run 'pod install' or update your CocoaPods installation.\" >&2\n    exit 1\nfi\n# This output is used by Xcode 'outputs' to avoid re-running this script phase.\necho \"SUCCESS\" > \"${SCRIPT_OUTPUT_FILE_0}\"\n";
			showEnvVarsInLog = 0;
		};
		3AED5FB41292C0E7871FCC46 /* [CP] Copy Pods Resources */ = {
			isa = PBXShellScriptBuildPhase;
			buildActionMask = 2147483647;
			files = (
			);
			inputPaths = (
			);
			name = "[CP] Copy Pods Resources";
			outputPaths = (
			);
			runOnlyForDeploymentPostprocessing = 0;
			shellPath = /bin/sh;
			shellScript = "\"${SRCROOT}/Pods/Target Support Files/Pods-CrystalClipboard-CrystalClipboardTests/Pods-CrystalClipboard-CrystalClipboardTests-resources.sh\"\n";
			showEnvVarsInLog = 0;
		};
		3B06FDB0EA5A029036AC503F /* [CP] Embed Pods Frameworks */ = {
			isa = PBXShellScriptBuildPhase;
			buildActionMask = 2147483647;
			files = (
			);
			inputPaths = (
				"${SRCROOT}/Pods/Target Support Files/Pods-CrystalClipboard-CrystalClipboardTests/Pods-CrystalClipboard-CrystalClipboardTests-frameworks.sh",
				"${BUILT_PRODUCTS_DIR}/Alamofire/Alamofire.framework",
				"${BUILT_PRODUCTS_DIR}/KeychainAccess/KeychainAccess.framework",
				"${BUILT_PRODUCTS_DIR}/Keys/Keys.framework",
				"${BUILT_PRODUCTS_DIR}/Moya/Moya.framework",
				"${BUILT_PRODUCTS_DIR}/ReactiveCocoa/ReactiveCocoa.framework",
				"${BUILT_PRODUCTS_DIR}/ReactiveSwift/ReactiveSwift.framework",
				"${BUILT_PRODUCTS_DIR}/Result/Result.framework",
				"${BUILT_PRODUCTS_DIR}/Starscream/Starscream.framework",
			);
			name = "[CP] Embed Pods Frameworks";
			outputPaths = (
				"${TARGET_BUILD_DIR}/${FRAMEWORKS_FOLDER_PATH}/Alamofire.framework",
				"${TARGET_BUILD_DIR}/${FRAMEWORKS_FOLDER_PATH}/KeychainAccess.framework",
				"${TARGET_BUILD_DIR}/${FRAMEWORKS_FOLDER_PATH}/Keys.framework",
				"${TARGET_BUILD_DIR}/${FRAMEWORKS_FOLDER_PATH}/Moya.framework",
				"${TARGET_BUILD_DIR}/${FRAMEWORKS_FOLDER_PATH}/ReactiveCocoa.framework",
				"${TARGET_BUILD_DIR}/${FRAMEWORKS_FOLDER_PATH}/ReactiveSwift.framework",
				"${TARGET_BUILD_DIR}/${FRAMEWORKS_FOLDER_PATH}/Result.framework",
				"${TARGET_BUILD_DIR}/${FRAMEWORKS_FOLDER_PATH}/Starscream.framework",
			);
			runOnlyForDeploymentPostprocessing = 0;
			shellPath = /bin/sh;
			shellScript = "\"${SRCROOT}/Pods/Target Support Files/Pods-CrystalClipboard-CrystalClipboardTests/Pods-CrystalClipboard-CrystalClipboardTests-frameworks.sh\"\n";
			showEnvVarsInLog = 0;
		};
		4160214CE2B9C9976CC60135 /* [CP] Copy Pods Resources */ = {
			isa = PBXShellScriptBuildPhase;
			buildActionMask = 2147483647;
			files = (
			);
			inputPaths = (
			);
			name = "[CP] Copy Pods Resources";
			outputPaths = (
			);
			runOnlyForDeploymentPostprocessing = 0;
			shellPath = /bin/sh;
			shellScript = "\"${SRCROOT}/Pods/Target Support Files/Pods-CrystalClipboard/Pods-CrystalClipboard-resources.sh\"\n";
			showEnvVarsInLog = 0;
		};
		AE7EE93112A6B2331635A40A /* [CP] Copy Pods Resources */ = {
			isa = PBXShellScriptBuildPhase;
			buildActionMask = 2147483647;
			files = (
			);
			inputPaths = (
			);
			name = "[CP] Copy Pods Resources";
			outputPaths = (
			);
			runOnlyForDeploymentPostprocessing = 0;
			shellPath = /bin/sh;
			shellScript = "\"${SRCROOT}/Pods/Target Support Files/Pods-CrystalClipboard-CrystalClipboardUITests/Pods-CrystalClipboard-CrystalClipboardUITests-resources.sh\"\n";
			showEnvVarsInLog = 0;
		};
		B2800E088E15B75FB922CF7E /* [CP] Embed Pods Frameworks */ = {
			isa = PBXShellScriptBuildPhase;
			buildActionMask = 2147483647;
			files = (
			);
			inputPaths = (
				"${SRCROOT}/Pods/Target Support Files/Pods-CrystalClipboard-CrystalClipboardUITests/Pods-CrystalClipboard-CrystalClipboardUITests-frameworks.sh",
				"${BUILT_PRODUCTS_DIR}/Alamofire/Alamofire.framework",
				"${BUILT_PRODUCTS_DIR}/KeychainAccess/KeychainAccess.framework",
				"${BUILT_PRODUCTS_DIR}/Keys/Keys.framework",
				"${BUILT_PRODUCTS_DIR}/Moya/Moya.framework",
				"${BUILT_PRODUCTS_DIR}/ReactiveCocoa/ReactiveCocoa.framework",
				"${BUILT_PRODUCTS_DIR}/ReactiveSwift/ReactiveSwift.framework",
				"${BUILT_PRODUCTS_DIR}/Result/Result.framework",
				"${BUILT_PRODUCTS_DIR}/Starscream/Starscream.framework",
			);
			name = "[CP] Embed Pods Frameworks";
			outputPaths = (
				"${TARGET_BUILD_DIR}/${FRAMEWORKS_FOLDER_PATH}/Alamofire.framework",
				"${TARGET_BUILD_DIR}/${FRAMEWORKS_FOLDER_PATH}/KeychainAccess.framework",
				"${TARGET_BUILD_DIR}/${FRAMEWORKS_FOLDER_PATH}/Keys.framework",
				"${TARGET_BUILD_DIR}/${FRAMEWORKS_FOLDER_PATH}/Moya.framework",
				"${TARGET_BUILD_DIR}/${FRAMEWORKS_FOLDER_PATH}/ReactiveCocoa.framework",
				"${TARGET_BUILD_DIR}/${FRAMEWORKS_FOLDER_PATH}/ReactiveSwift.framework",
				"${TARGET_BUILD_DIR}/${FRAMEWORKS_FOLDER_PATH}/Result.framework",
				"${TARGET_BUILD_DIR}/${FRAMEWORKS_FOLDER_PATH}/Starscream.framework",
			);
			runOnlyForDeploymentPostprocessing = 0;
			shellPath = /bin/sh;
			shellScript = "\"${SRCROOT}/Pods/Target Support Files/Pods-CrystalClipboard-CrystalClipboardUITests/Pods-CrystalClipboard-CrystalClipboardUITests-frameworks.sh\"\n";
			showEnvVarsInLog = 0;
		};
		C94923CFACD419EC3592554C /* [CP] Embed Pods Frameworks */ = {
			isa = PBXShellScriptBuildPhase;
			buildActionMask = 2147483647;
			files = (
			);
			inputPaths = (
				"${SRCROOT}/Pods/Target Support Files/Pods-CrystalClipboard/Pods-CrystalClipboard-frameworks.sh",
				"${BUILT_PRODUCTS_DIR}/Alamofire/Alamofire.framework",
				"${BUILT_PRODUCTS_DIR}/KeychainAccess/KeychainAccess.framework",
				"${BUILT_PRODUCTS_DIR}/Keys/Keys.framework",
				"${BUILT_PRODUCTS_DIR}/Moya/Moya.framework",
				"${BUILT_PRODUCTS_DIR}/ReactiveCocoa/ReactiveCocoa.framework",
				"${BUILT_PRODUCTS_DIR}/ReactiveSwift/ReactiveSwift.framework",
				"${BUILT_PRODUCTS_DIR}/Result/Result.framework",
				"${BUILT_PRODUCTS_DIR}/Starscream/Starscream.framework",
			);
			name = "[CP] Embed Pods Frameworks";
			outputPaths = (
				"${TARGET_BUILD_DIR}/${FRAMEWORKS_FOLDER_PATH}/Alamofire.framework",
				"${TARGET_BUILD_DIR}/${FRAMEWORKS_FOLDER_PATH}/KeychainAccess.framework",
				"${TARGET_BUILD_DIR}/${FRAMEWORKS_FOLDER_PATH}/Keys.framework",
				"${TARGET_BUILD_DIR}/${FRAMEWORKS_FOLDER_PATH}/Moya.framework",
				"${TARGET_BUILD_DIR}/${FRAMEWORKS_FOLDER_PATH}/ReactiveCocoa.framework",
				"${TARGET_BUILD_DIR}/${FRAMEWORKS_FOLDER_PATH}/ReactiveSwift.framework",
				"${TARGET_BUILD_DIR}/${FRAMEWORKS_FOLDER_PATH}/Result.framework",
				"${TARGET_BUILD_DIR}/${FRAMEWORKS_FOLDER_PATH}/Starscream.framework",
			);
			runOnlyForDeploymentPostprocessing = 0;
			shellPath = /bin/sh;
			shellScript = "\"${SRCROOT}/Pods/Target Support Files/Pods-CrystalClipboard/Pods-CrystalClipboard-frameworks.sh\"\n";
			showEnvVarsInLog = 0;
		};
/* End PBXShellScriptBuildPhase section */

/* Begin PBXSourcesBuildPhase section */
		D0B0CDE31F4671E8006201CE /* Sources */ = {
			isa = PBXSourcesBuildPhase;
			buildActionMask = 2147483647;
			files = (
				D0979B631F4B306100B8407F /* RootViewController.swift in Sources */,
				D03ABD401F4E8FF600A7D473 /* Clip.swift in Sources */,
				D04C144E1F4697A20068AEA0 /* CrystalClipboardAPI.swift in Sources */,
				D0112B851F4A7E8400999761 /* ManagedClip.swift in Sources */,
				D0979B671F4B31EB00B8407F /* SignUpViewController.swift in Sources */,
				D095D8C21F4E260800D15CE4 /* User.swift in Sources */,
				D095D8C91F4E26E700D15CE4 /* JSONDeserializable.swift in Sources */,
				D0909B701F4D282C000F584B /* String+Localized.swift in Sources */,
				D05336051F4A9E700077B1F9 /* DateParser.swift in Sources */,
				D0112B811F4A7BAE00999761 /* CrystalClipboard.xcdatamodeld in Sources */,
				D03ABD3E1F4D37F000A7D473 /* Constants.swift in Sources */,
				D095D8C41F4E261A00D15CE4 /* AuthToken.swift in Sources */,
				D0B0CDEB1F4671E8006201CE /* AppDelegate.swift in Sources */,
				D04DBF8F1F4C8466002B5A02 /* SampleData.swift in Sources */,
				D085FAF41F4BF6AD0022C806 /* ResponseErrorData.swift in Sources */,
				D0D59B701F4A0A0100200ABD /* Cable.swift in Sources */,
				D0979B691F4B325300B8407F /* SignUpViewModel.swift in Sources */,
				D0979B6D1F4B341200B8407F /* LandingViewModel.swift in Sources */,
				D00D68371F55CAF80029BC79 /* Identifiers.swift in Sources */,
				D0979B6B1F4B33F300B8407F /* LandingViewController.swift in Sources */,
			);
			runOnlyForDeploymentPostprocessing = 0;
		};
		D0B0CDF71F4671E8006201CE /* Sources */ = {
			isa = PBXSourcesBuildPhase;
			buildActionMask = 2147483647;
			files = (
				D0B0CE001F4671E8006201CE /* CrystalClipboardTests.swift in Sources */,
				D05335FE1F4A87DA0077B1F9 /* CoreDataTestCase.swift in Sources */,
				D0979B801F4B495800B8407F /* SignUpViewModelTests.swift in Sources */,
				D031F6321F4BFA1600530226 /* ResponseErrorDataTests.swift in Sources */,
				D095D8CD1F4E2E9300D15CE4 /* UserTests.swift in Sources */,
				D095D8CF1F4E2EB500D15CE4 /* AuthTokenTests.swift in Sources */,
				D05335FC1F4A861A0077B1F9 /* ManagedClipTests.swift in Sources */,
				D0979B821F4B580800B8407F /* TestObserver.swift in Sources */,
				D0C70AED1F4E4454003C5C1B /* JSONDeserializableTests.swift in Sources */,
				D03ABD421F4E902400A7D473 /* ClipTests.swift in Sources */,
			);
			runOnlyForDeploymentPostprocessing = 0;
		};
		D0B0CE021F4671E8006201CE /* Sources */ = {
			isa = PBXSourcesBuildPhase;
			buildActionMask = 2147483647;
			files = (
				D0B0CE0B1F4671E8006201CE /* CrystalClipboardUITests.swift in Sources */,
			);
			runOnlyForDeploymentPostprocessing = 0;
		};
/* End PBXSourcesBuildPhase section */

/* Begin PBXTargetDependency section */
		D0B0CDFD1F4671E8006201CE /* PBXTargetDependency */ = {
			isa = PBXTargetDependency;
			target = D0B0CDE61F4671E8006201CE /* CrystalClipboard */;
			targetProxy = D0B0CDFC1F4671E8006201CE /* PBXContainerItemProxy */;
		};
		D0B0CE081F4671E8006201CE /* PBXTargetDependency */ = {
			isa = PBXTargetDependency;
			target = D0B0CDE61F4671E8006201CE /* CrystalClipboard */;
			targetProxy = D0B0CE071F4671E8006201CE /* PBXContainerItemProxy */;
		};
/* End PBXTargetDependency section */

/* Begin PBXVariantGroup section */
		D0B0CDEE1F4671E8006201CE /* Main.storyboard */ = {
			isa = PBXVariantGroup;
			children = (
				D0B0CDEF1F4671E8006201CE /* Base */,
				D0909B691F4D23B7000F584B /* en */,
			);
			name = Main.storyboard;
			path = .;
			sourceTree = "<group>";
		};
		D0B0CDF31F4671E8006201CE /* LaunchScreen.storyboard */ = {
			isa = PBXVariantGroup;
			children = (
				D0B0CDF41F4671E8006201CE /* Base */,
			);
			name = LaunchScreen.storyboard;
			path = .;
			sourceTree = "<group>";
		};
/* End PBXVariantGroup section */

/* Begin XCBuildConfiguration section */
		D0B0CE0D1F4671E8006201CE /* Debug */ = {
			isa = XCBuildConfiguration;
			buildSettings = {
				ALWAYS_SEARCH_USER_PATHS = NO;
				API_ENVIRONMENT = staging;
				CLANG_ANALYZER_NONNULL = YES;
				CLANG_ANALYZER_NUMBER_OBJECT_CONVERSION = YES_AGGRESSIVE;
				CLANG_CXX_LANGUAGE_STANDARD = "gnu++0x";
				CLANG_CXX_LIBRARY = "libc++";
				CLANG_ENABLE_MODULES = YES;
				CLANG_ENABLE_OBJC_ARC = YES;
				CLANG_WARN_BOOL_CONVERSION = YES;
				CLANG_WARN_CONSTANT_CONVERSION = YES;
				CLANG_WARN_DIRECT_OBJC_ISA_USAGE = YES_ERROR;
				CLANG_WARN_DOCUMENTATION_COMMENTS = YES;
				CLANG_WARN_EMPTY_BODY = YES;
				CLANG_WARN_ENUM_CONVERSION = YES;
				CLANG_WARN_INFINITE_RECURSION = YES;
				CLANG_WARN_INT_CONVERSION = YES;
				CLANG_WARN_OBJC_ROOT_CLASS = YES_ERROR;
				CLANG_WARN_SUSPICIOUS_MOVE = YES;
				CLANG_WARN_UNREACHABLE_CODE = YES;
				CLANG_WARN__DUPLICATE_METHOD_MATCH = YES;
				"CODE_SIGN_IDENTITY[sdk=iphoneos*]" = "iPhone Developer";
				COPY_PHASE_STRIP = NO;
				DEBUG_INFORMATION_FORMAT = dwarf;
				ENABLE_STRICT_OBJC_MSGSEND = YES;
				ENABLE_TESTABILITY = YES;
				GCC_C_LANGUAGE_STANDARD = gnu99;
				GCC_DYNAMIC_NO_PIC = NO;
				GCC_NO_COMMON_BLOCKS = YES;
				GCC_OPTIMIZATION_LEVEL = 0;
				GCC_PREPROCESSOR_DEFINITIONS = (
					"DEBUG=1",
					"$(inherited)",
				);
				GCC_WARN_64_TO_32_BIT_CONVERSION = YES;
				GCC_WARN_ABOUT_RETURN_TYPE = YES_ERROR;
				GCC_WARN_UNDECLARED_SELECTOR = YES;
				GCC_WARN_UNINITIALIZED_AUTOS = YES_AGGRESSIVE;
				GCC_WARN_UNUSED_FUNCTION = YES;
				GCC_WARN_UNUSED_VARIABLE = YES;
				IPHONEOS_DEPLOYMENT_TARGET = 10.3;
				MTL_ENABLE_DEBUG_INFO = YES;
				ONLY_ACTIVE_ARCH = YES;
				SDKROOT = iphoneos;
				SWIFT_ACTIVE_COMPILATION_CONDITIONS = DEBUG;
				SWIFT_OPTIMIZATION_LEVEL = "-Onone";
				TARGETED_DEVICE_FAMILY = "1,2";
			};
			name = Debug;
		};
		D0B0CE0E1F4671E8006201CE /* Release */ = {
			isa = XCBuildConfiguration;
			buildSettings = {
				ALWAYS_SEARCH_USER_PATHS = NO;
				API_ENVIRONMENT = production;
				CLANG_ANALYZER_NONNULL = YES;
				CLANG_ANALYZER_NUMBER_OBJECT_CONVERSION = YES_AGGRESSIVE;
				CLANG_CXX_LANGUAGE_STANDARD = "gnu++0x";
				CLANG_CXX_LIBRARY = "libc++";
				CLANG_ENABLE_MODULES = YES;
				CLANG_ENABLE_OBJC_ARC = YES;
				CLANG_WARN_BOOL_CONVERSION = YES;
				CLANG_WARN_CONSTANT_CONVERSION = YES;
				CLANG_WARN_DIRECT_OBJC_ISA_USAGE = YES_ERROR;
				CLANG_WARN_DOCUMENTATION_COMMENTS = YES;
				CLANG_WARN_EMPTY_BODY = YES;
				CLANG_WARN_ENUM_CONVERSION = YES;
				CLANG_WARN_INFINITE_RECURSION = YES;
				CLANG_WARN_INT_CONVERSION = YES;
				CLANG_WARN_OBJC_ROOT_CLASS = YES_ERROR;
				CLANG_WARN_SUSPICIOUS_MOVE = YES;
				CLANG_WARN_UNREACHABLE_CODE = YES;
				CLANG_WARN__DUPLICATE_METHOD_MATCH = YES;
				"CODE_SIGN_IDENTITY[sdk=iphoneos*]" = "iPhone Developer";
				COPY_PHASE_STRIP = NO;
				DEBUG_INFORMATION_FORMAT = "dwarf-with-dsym";
				ENABLE_NS_ASSERTIONS = NO;
				ENABLE_STRICT_OBJC_MSGSEND = YES;
				GCC_C_LANGUAGE_STANDARD = gnu99;
				GCC_NO_COMMON_BLOCKS = YES;
				GCC_WARN_64_TO_32_BIT_CONVERSION = YES;
				GCC_WARN_ABOUT_RETURN_TYPE = YES_ERROR;
				GCC_WARN_UNDECLARED_SELECTOR = YES;
				GCC_WARN_UNINITIALIZED_AUTOS = YES_AGGRESSIVE;
				GCC_WARN_UNUSED_FUNCTION = YES;
				GCC_WARN_UNUSED_VARIABLE = YES;
				IPHONEOS_DEPLOYMENT_TARGET = 10.3;
				MTL_ENABLE_DEBUG_INFO = NO;
				SDKROOT = iphoneos;
				SWIFT_OPTIMIZATION_LEVEL = "-Owholemodule";
				TARGETED_DEVICE_FAMILY = "1,2";
				VALIDATE_PRODUCT = YES;
			};
			name = Release;
		};
		D0B0CE101F4671E8006201CE /* Debug */ = {
			isa = XCBuildConfiguration;
			baseConfigurationReference = E68A0DE5861D5A1DDBC176A1 /* Pods-CrystalClipboard.debug.xcconfig */;
			buildSettings = {
				ASSETCATALOG_COMPILER_APPICON_NAME = AppIcon;
				DEVELOPMENT_TEAM = 9YXHY5F5AA;
				INFOPLIST_FILE = "CrystalClipboard/Supporting Files/Info.plist";
				LD_RUNPATH_SEARCH_PATHS = "$(inherited) @executable_path/Frameworks";
				PRODUCT_BUNDLE_IDENTIFIER = "com.jzzocc.crystal-clipboard";
				PRODUCT_NAME = "$(TARGET_NAME)";
				SWIFT_VERSION = 3.0;
			};
			name = Debug;
		};
		D0B0CE111F4671E8006201CE /* Release */ = {
			isa = XCBuildConfiguration;
			baseConfigurationReference = 2DDB744BC89EB2A5AAB315A0 /* Pods-CrystalClipboard.release.xcconfig */;
			buildSettings = {
				ASSETCATALOG_COMPILER_APPICON_NAME = AppIcon;
				DEVELOPMENT_TEAM = 9YXHY5F5AA;
				INFOPLIST_FILE = "CrystalClipboard/Supporting Files/Info.plist";
				LD_RUNPATH_SEARCH_PATHS = "$(inherited) @executable_path/Frameworks";
				PRODUCT_BUNDLE_IDENTIFIER = "com.jzzocc.crystal-clipboard";
				PRODUCT_NAME = "$(TARGET_NAME)";
				SWIFT_VERSION = 3.0;
			};
			name = Release;
		};
		D0B0CE131F4671E8006201CE /* Debug */ = {
			isa = XCBuildConfiguration;
			baseConfigurationReference = DE6B83F86CF51E1C918D30E6 /* Pods-CrystalClipboard-CrystalClipboardTests.debug.xcconfig */;
			buildSettings = {
				ALWAYS_EMBED_SWIFT_STANDARD_LIBRARIES = "$(inherited)";
				BUNDLE_LOADER = "$(TEST_HOST)";
				DEVELOPMENT_TEAM = 9YXHY5F5AA;
				INFOPLIST_FILE = "CrystalClipboardTests/Supporting Files/Info.plist";
				LD_RUNPATH_SEARCH_PATHS = "$(inherited) @executable_path/Frameworks @loader_path/Frameworks";
				PRODUCT_BUNDLE_IDENTIFIER = com.jzzocc.CrystalClipboardTests;
				PRODUCT_NAME = "$(TARGET_NAME)";
				SWIFT_VERSION = 3.0;
				TEST_HOST = "$(BUILT_PRODUCTS_DIR)/CrystalClipboard.app/CrystalClipboard";
			};
			name = Debug;
		};
		D0B0CE141F4671E8006201CE /* Release */ = {
			isa = XCBuildConfiguration;
			baseConfigurationReference = 049571459341AB9B7512531E /* Pods-CrystalClipboard-CrystalClipboardTests.release.xcconfig */;
			buildSettings = {
				ALWAYS_EMBED_SWIFT_STANDARD_LIBRARIES = "$(inherited)";
				BUNDLE_LOADER = "$(TEST_HOST)";
				DEVELOPMENT_TEAM = 9YXHY5F5AA;
				INFOPLIST_FILE = "CrystalClipboardTests/Supporting Files/Info.plist";
				LD_RUNPATH_SEARCH_PATHS = "$(inherited) @executable_path/Frameworks @loader_path/Frameworks";
				PRODUCT_BUNDLE_IDENTIFIER = com.jzzocc.CrystalClipboardTests;
				PRODUCT_NAME = "$(TARGET_NAME)";
				SWIFT_VERSION = 3.0;
				TEST_HOST = "$(BUILT_PRODUCTS_DIR)/CrystalClipboard.app/CrystalClipboard";
			};
			name = Release;
		};
		D0B0CE161F4671E8006201CE /* Debug */ = {
			isa = XCBuildConfiguration;
			baseConfigurationReference = 45FB058D9BD0827705930D3E /* Pods-CrystalClipboard-CrystalClipboardUITests.debug.xcconfig */;
			buildSettings = {
				ALWAYS_EMBED_SWIFT_STANDARD_LIBRARIES = "$(inherited)";
				DEVELOPMENT_TEAM = 9YXHY5F5AA;
				INFOPLIST_FILE = "CrystalClipboardUITests/Supporting Files/Info.plist";
				LD_RUNPATH_SEARCH_PATHS = "$(inherited) @executable_path/Frameworks @loader_path/Frameworks";
				PRODUCT_BUNDLE_IDENTIFIER = com.jzzocc.CrystalClipboardUITests;
				PRODUCT_NAME = "$(TARGET_NAME)";
				SWIFT_VERSION = 3.0;
				TEST_TARGET_NAME = CrystalClipboard;
			};
			name = Debug;
		};
		D0B0CE171F4671E8006201CE /* Release */ = {
			isa = XCBuildConfiguration;
			baseConfigurationReference = DD3162C9717AFAFB194112F5 /* Pods-CrystalClipboard-CrystalClipboardUITests.release.xcconfig */;
			buildSettings = {
				ALWAYS_EMBED_SWIFT_STANDARD_LIBRARIES = "$(inherited)";
				DEVELOPMENT_TEAM = 9YXHY5F5AA;
				INFOPLIST_FILE = "CrystalClipboardUITests/Supporting Files/Info.plist";
				LD_RUNPATH_SEARCH_PATHS = "$(inherited) @executable_path/Frameworks @loader_path/Frameworks";
				PRODUCT_BUNDLE_IDENTIFIER = com.jzzocc.CrystalClipboardUITests;
				PRODUCT_NAME = "$(TARGET_NAME)";
				SWIFT_VERSION = 3.0;
				TEST_TARGET_NAME = CrystalClipboard;
			};
			name = Release;
		};
/* End XCBuildConfiguration section */

/* Begin XCConfigurationList section */
		D0B0CDE21F4671E8006201CE /* Build configuration list for PBXProject "CrystalClipboard" */ = {
			isa = XCConfigurationList;
			buildConfigurations = (
				D0B0CE0D1F4671E8006201CE /* Debug */,
				D0B0CE0E1F4671E8006201CE /* Release */,
			);
			defaultConfigurationIsVisible = 0;
			defaultConfigurationName = Release;
		};
		D0B0CE0F1F4671E8006201CE /* Build configuration list for PBXNativeTarget "CrystalClipboard" */ = {
			isa = XCConfigurationList;
			buildConfigurations = (
				D0B0CE101F4671E8006201CE /* Debug */,
				D0B0CE111F4671E8006201CE /* Release */,
			);
			defaultConfigurationIsVisible = 0;
			defaultConfigurationName = Release;
		};
		D0B0CE121F4671E8006201CE /* Build configuration list for PBXNativeTarget "CrystalClipboardTests" */ = {
			isa = XCConfigurationList;
			buildConfigurations = (
				D0B0CE131F4671E8006201CE /* Debug */,
				D0B0CE141F4671E8006201CE /* Release */,
			);
			defaultConfigurationIsVisible = 0;
			defaultConfigurationName = Release;
		};
		D0B0CE151F4671E8006201CE /* Build configuration list for PBXNativeTarget "CrystalClipboardUITests" */ = {
			isa = XCConfigurationList;
			buildConfigurations = (
				D0B0CE161F4671E8006201CE /* Debug */,
				D0B0CE171F4671E8006201CE /* Release */,
			);
			defaultConfigurationIsVisible = 0;
			defaultConfigurationName = Release;
		};
/* End XCConfigurationList section */

/* Begin XCVersionGroup section */
		D0112B7F1F4A7BAE00999761 /* CrystalClipboard.xcdatamodeld */ = {
			isa = XCVersionGroup;
			children = (
				D0112B801F4A7BAE00999761 /* CrystalClipboard.xcdatamodel */,
			);
			currentVersion = D0112B801F4A7BAE00999761 /* CrystalClipboard.xcdatamodel */;
			name = CrystalClipboard.xcdatamodeld;
			path = Model/CrystalClipboard.xcdatamodeld;
			sourceTree = "<group>";
			versionGroupType = wrapper.xcdatamodel;
		};
/* End XCVersionGroup section */
	};
	rootObject = D0B0CDDF1F4671E8006201CE /* Project object */;
}
