// !$*UTF8*$!
{
	archiveVersion = 1;
	classes = {
	};
	objectVersion = 46;
	objects = {

/* Begin PBXBuildFile section */
		071DD13392D6F63A9C9E6577 /* Pods_CrystalClipboard.framework in Frameworks */ = {isa = PBXBuildFile; fileRef = 3CD82DAABCF3EFB0DB952AD3 /* Pods_CrystalClipboard.framework */; };
		5139455BEAD1A38DFBEC3EFE /* Pods_CrystalClipboard_CrystalClipboardUITests.framework in Frameworks */ = {isa = PBXBuildFile; fileRef = AAB6D1252A5CFB8E0A71638C /* Pods_CrystalClipboard_CrystalClipboardUITests.framework */; };
		AC34E29D5531A22239EC7F0A /* Pods_CrystalClipboard_CrystalClipboardTests.framework in Frameworks */ = {isa = PBXBuildFile; fileRef = C6AEB327ECEAE3823D0BFB96 /* Pods_CrystalClipboard_CrystalClipboardTests.framework */; };
		D00A00821F61A74900B11866 /* TestAPIProvider.swift in Sources */ = {isa = PBXBuildFile; fileRef = D00A00811F61A74900B11866 /* TestAPIProvider.swift */; };
		D00A00841F61AC9300B11866 /* ISO8601JSONEncoder.swift in Sources */ = {isa = PBXBuildFile; fileRef = D00A00831F61AC9300B11866 /* ISO8601JSONEncoder.swift */; };
		D00D68371F55CAF80029BC79 /* Identifiers.swift in Sources */ = {isa = PBXBuildFile; fileRef = D00D68361F55CAF80029BC79 /* Identifiers.swift */; };
		D00D68421F55DA210029BC79 /* UIStoryboard+Extensions.swift in Sources */ = {isa = PBXBuildFile; fileRef = D00D68411F55DA210029BC79 /* UIStoryboard+Extensions.swift */; };
		D00D68441F55DEE60029BC79 /* SignedOut.storyboard in Resources */ = {isa = PBXBuildFile; fileRef = D00D68431F55DEE60029BC79 /* SignedOut.storyboard */; };
		D00D68461F55E5140029BC79 /* RootViewModel.swift in Sources */ = {isa = PBXBuildFile; fileRef = D00D68451F55E5140029BC79 /* RootViewModel.swift */; };
		D00D68481F55E8260029BC79 /* ClipsViewController.swift in Sources */ = {isa = PBXBuildFile; fileRef = D00D68471F55E8260029BC79 /* ClipsViewController.swift */; };
		D00D684A1F55E8D70029BC79 /* RootViewModelTests.swift in Sources */ = {isa = PBXBuildFile; fileRef = D00D68491F55E8D70029BC79 /* RootViewModelTests.swift */; };
		D00D684C1F5712F40029BC79 /* UIViewController+Extensions.swift in Sources */ = {isa = PBXBuildFile; fileRef = D00D684B1F5712F40029BC79 /* UIViewController+Extensions.swift */; };
		D00D684E1F5733660029BC79 /* SignInViewController.swift in Sources */ = {isa = PBXBuildFile; fileRef = D00D684D1F5733660029BC79 /* SignInViewController.swift */; };
		D00D68501F5733BF0029BC79 /* SignInViewModel.swift in Sources */ = {isa = PBXBuildFile; fileRef = D00D684F1F5733BF0029BC79 /* SignInViewModel.swift */; };
		D00D68521F5733EC0029BC79 /* SignInViewModelTests.swift in Sources */ = {isa = PBXBuildFile; fileRef = D00D68511F5733EC0029BC79 /* SignInViewModelTests.swift */; };
		D00D68561F574FF50029BC79 /* AuthenticatingViewModel.swift in Sources */ = {isa = PBXBuildFile; fileRef = D00D68551F574FF50029BC79 /* AuthenticatingViewModel.swift */; };
		D00D68581F575AB80029BC79 /* AuthenticatingViewController.swift in Sources */ = {isa = PBXBuildFile; fileRef = D00D68571F575AB80029BC79 /* AuthenticatingViewController.swift */; };
		D00D685A1F5761330029BC79 /* ResetPasswordViewController.swift in Sources */ = {isa = PBXBuildFile; fileRef = D00D68591F5761330029BC79 /* ResetPasswordViewController.swift */; };
		D00D685C1F5762EE0029BC79 /* ResetPasswordViewModel.swift in Sources */ = {isa = PBXBuildFile; fileRef = D00D685B1F5762EE0029BC79 /* ResetPasswordViewModel.swift */; };
		D00D685E1F57631A0029BC79 /* ResetPasswordViewModelTests.swift in Sources */ = {isa = PBXBuildFile; fileRef = D00D685D1F57631A0029BC79 /* ResetPasswordViewModelTests.swift */; };
		D00D68601F589AC10029BC79 /* PersistentContainerSettable.swift in Sources */ = {isa = PBXBuildFile; fileRef = D00D685F1F589AC10029BC79 /* PersistentContainerSettable.swift */; };
		D00D68631F58A3680029BC79 /* ClipsDataProvider.swift in Sources */ = {isa = PBXBuildFile; fileRef = D00D68621F58A3680029BC79 /* ClipsDataProvider.swift */; };
		D00D68681F58A55C0029BC79 /* ClipsDataProviderTests.swift in Sources */ = {isa = PBXBuildFile; fileRef = D00D68671F58A55C0029BC79 /* ClipsDataProviderTests.swift */; };
		D00D68711F58B2560029BC79 /* ClipTableViewCell.swift in Sources */ = {isa = PBXBuildFile; fileRef = D00D68701F58B2560029BC79 /* ClipTableViewCell.swift */; };
		D0112B811F4A7BAE00999761 /* CrystalClipboard.xcdatamodeld in Sources */ = {isa = PBXBuildFile; fileRef = D0112B7F1F4A7BAE00999761 /* CrystalClipboard.xcdatamodeld */; };
		D0112B851F4A7E8400999761 /* ManagedClip.swift in Sources */ = {isa = PBXBuildFile; fileRef = D0112B841F4A7E8400999761 /* ManagedClip.swift */; };
		D01A12D61F5E0AA100197ECA /* LoadingFooterView.swift in Sources */ = {isa = PBXBuildFile; fileRef = D01A12D51F5E0AA100197ECA /* LoadingFooterView.swift */; };
		D01A12D81F5E0B9000197ECA /* LoadingFooterView.xib in Resources */ = {isa = PBXBuildFile; fileRef = D01A12D71F5E0B9000197ECA /* LoadingFooterView.xib */; };
		D01A12DA1F5E19B200197ECA /* SpacingFooterView.swift in Sources */ = {isa = PBXBuildFile; fileRef = D01A12D91F5E19B200197ECA /* SpacingFooterView.swift */; };
		D01A12DC1F5E19DC00197ECA /* SpacingFooterView.xib in Resources */ = {isa = PBXBuildFile; fileRef = D01A12DB1F5E19DC00197ECA /* SpacingFooterView.xib */; };
		D01A12DE1F5E1CEB00197ECA /* NoClipsView.swift in Sources */ = {isa = PBXBuildFile; fileRef = D01A12DD1F5E1CEB00197ECA /* NoClipsView.swift */; };
		D01A12E01F5E1D1600197ECA /* NoClipsView.xib in Resources */ = {isa = PBXBuildFile; fileRef = D01A12DF1F5E1D1600197ECA /* NoClipsView.xib */; };
		D0253F8F1F5A83B60066B444 /* ISO8601JSONDecoder.swift in Sources */ = {isa = PBXBuildFile; fileRef = D0253F8E1F5A83B60066B444 /* ISO8601JSONDecoder.swift */; };
		D0340BC91F6038A50030CD82 /* ResponseError.swift in Sources */ = {isa = PBXBuildFile; fileRef = D0340BC81F6038A50030CD82 /* ResponseError.swift */; };
		D03ABD3E1F4D37F000A7D473 /* Constants.swift in Sources */ = {isa = PBXBuildFile; fileRef = D03ABD3D1F4D37F000A7D473 /* Constants.swift */; };
		D03ABD401F4E8FF600A7D473 /* Clip.swift in Sources */ = {isa = PBXBuildFile; fileRef = D03ABD3F1F4E8FF600A7D473 /* Clip.swift */; };
		D03ABD421F4E902400A7D473 /* ClipTests.swift in Sources */ = {isa = PBXBuildFile; fileRef = D03ABD411F4E902400A7D473 /* ClipTests.swift */; };
		D04460BD1F5B82F5000464B8 /* SignalProducer+ExtensionsTests.swift in Sources */ = {isa = PBXBuildFile; fileRef = D04460BC1F5B82F5000464B8 /* SignalProducer+ExtensionsTests.swift */; };
		D04C144E1F4697A20068AEA0 /* CrystalClipboardAPI.swift in Sources */ = {isa = PBXBuildFile; fileRef = D04C144D1F4697A20068AEA0 /* CrystalClipboardAPI.swift */; };
		D05335FC1F4A861A0077B1F9 /* ManagedClipTests.swift in Sources */ = {isa = PBXBuildFile; fileRef = D05335FB1F4A861A0077B1F9 /* ManagedClipTests.swift */; };
		D05335FE1F4A87DA0077B1F9 /* CoreDataTestCase.swift in Sources */ = {isa = PBXBuildFile; fileRef = D05335FD1F4A87DA0077B1F9 /* CoreDataTestCase.swift */; };
		D06EF5CF1F5B62970093C87D /* SignalProducer+Extensions.swift in Sources */ = {isa = PBXBuildFile; fileRef = D06EF5CE1F5B62970093C87D /* SignalProducer+Extensions.swift */; };
		D06EF5D21F5B650F0093C87D /* Response+ExtensionsTests.swift in Sources */ = {isa = PBXBuildFile; fileRef = D06EF5D11F5B650F0093C87D /* Response+ExtensionsTests.swift */; };
		D0909B6D1F4D2513000F584B /* Localizable.strings in Resources */ = {isa = PBXBuildFile; fileRef = D0909B6C1F4D2513000F584B /* Localizable.strings */; };
		D0909B701F4D282C000F584B /* String+Localized.swift in Sources */ = {isa = PBXBuildFile; fileRef = D0909B6F1F4D282C000F584B /* String+Localized.swift */; };
		D095D8C21F4E260800D15CE4 /* User.swift in Sources */ = {isa = PBXBuildFile; fileRef = D095D8C11F4E260800D15CE4 /* User.swift */; };
		D095D8CD1F4E2E9300D15CE4 /* UserTests.swift in Sources */ = {isa = PBXBuildFile; fileRef = D095D8CC1F4E2E9300D15CE4 /* UserTests.swift */; };
		D0979B631F4B306100B8407F /* RootViewController.swift in Sources */ = {isa = PBXBuildFile; fileRef = D0979B621F4B306100B8407F /* RootViewController.swift */; };
		D0979B671F4B31EB00B8407F /* SignUpViewController.swift in Sources */ = {isa = PBXBuildFile; fileRef = D0979B661F4B31EB00B8407F /* SignUpViewController.swift */; };
		D0979B691F4B325300B8407F /* SignUpViewModel.swift in Sources */ = {isa = PBXBuildFile; fileRef = D0979B681F4B325300B8407F /* SignUpViewModel.swift */; };
		D0979B6B1F4B33F300B8407F /* LandingViewController.swift in Sources */ = {isa = PBXBuildFile; fileRef = D0979B6A1F4B33F300B8407F /* LandingViewController.swift */; };
		D0979B6D1F4B341200B8407F /* LandingViewModel.swift in Sources */ = {isa = PBXBuildFile; fileRef = D0979B6C1F4B341200B8407F /* LandingViewModel.swift */; };
		D0979B801F4B495800B8407F /* SignUpViewModelTests.swift in Sources */ = {isa = PBXBuildFile; fileRef = D0979B7F1F4B495800B8407F /* SignUpViewModelTests.swift */; };
		D0979B821F4B580800B8407F /* TestObserver.swift in Sources */ = {isa = PBXBuildFile; fileRef = D0979B811F4B580800B8407F /* TestObserver.swift */; };
		D09DCFF21F5CD4C4000D4B10 /* SubmissionError.swift in Sources */ = {isa = PBXBuildFile; fileRef = D09DCFF11F5CD4C4000D4B10 /* SubmissionError.swift */; };
		D0AACAAB1F6106E9001D4FFF /* XCTestCase+Extensions.swift in Sources */ = {isa = PBXBuildFile; fileRef = D0AACAAA1F6106E9001D4FFF /* XCTestCase+Extensions.swift */; };
		D0B0CDEB1F4671E8006201CE /* AppDelegate.swift in Sources */ = {isa = PBXBuildFile; fileRef = D0B0CDEA1F4671E8006201CE /* AppDelegate.swift */; };
		D0B0CDF01F4671E8006201CE /* Main.storyboard in Resources */ = {isa = PBXBuildFile; fileRef = D0B0CDEE1F4671E8006201CE /* Main.storyboard */; };
		D0B0CDF21F4671E8006201CE /* Assets.xcassets in Resources */ = {isa = PBXBuildFile; fileRef = D0B0CDF11F4671E8006201CE /* Assets.xcassets */; };
		D0B0CDF51F4671E8006201CE /* LaunchScreen.storyboard in Resources */ = {isa = PBXBuildFile; fileRef = D0B0CDF31F4671E8006201CE /* LaunchScreen.storyboard */; };
		D0B0CE001F4671E8006201CE /* CrystalClipboardTests.swift in Sources */ = {isa = PBXBuildFile; fileRef = D0B0CDFF1F4671E8006201CE /* CrystalClipboardTests.swift */; };
		D0B0CE0B1F4671E8006201CE /* CrystalClipboardUITests.swift in Sources */ = {isa = PBXBuildFile; fileRef = D0B0CE0A1F4671E8006201CE /* CrystalClipboardUITests.swift */; };
		D0C1F6111F578FC100E49B77 /* ClipsViewModel.swift in Sources */ = {isa = PBXBuildFile; fileRef = D0C1F6101F578FC100E49B77 /* ClipsViewModel.swift */; };
		D0C1F6131F578FE600E49B77 /* ClipsViewModelTests.swift in Sources */ = {isa = PBXBuildFile; fileRef = D0C1F6121F578FE600E49B77 /* ClipsViewModelTests.swift */; };
		D0C1F6171F579D8700E49B77 /* ProviderSettable.swift in Sources */ = {isa = PBXBuildFile; fileRef = D0C1F6161F579D8700E49B77 /* ProviderSettable.swift */; };
		D0C1F6561F590A3700E49B77 /* UIView+Extensions.swift in Sources */ = {isa = PBXBuildFile; fileRef = D0C1F6551F590A3700E49B77 /* UIView+Extensions.swift */; };
		D0C1F6581F590D5E00E49B77 /* MarginSettableTextField.swift in Sources */ = {isa = PBXBuildFile; fileRef = D0C1F6571F590D5E00E49B77 /* MarginSettableTextField.swift */; };
		D0C1F65A1F592DD600E49B77 /* ClipCellViewModel.swift in Sources */ = {isa = PBXBuildFile; fileRef = D0C1F6591F592DD600E49B77 /* ClipCellViewModel.swift */; };
		D0C1F65C1F592EFB00E49B77 /* ClipType.swift in Sources */ = {isa = PBXBuildFile; fileRef = D0C1F65B1F592EFB00E49B77 /* ClipType.swift */; };
		D0D59B701F4A0A0100200ABD /* Cable.swift in Sources */ = {isa = PBXBuildFile; fileRef = D0D59B6F1F4A0A0100200ABD /* Cable.swift */; };
		D0FD1CFE1F5B5A590061535C /* Response+Extensions.swift in Sources */ = {isa = PBXBuildFile; fileRef = D0FD1CFD1F5B5A590061535C /* Response+Extensions.swift */; };
/* End PBXBuildFile section */

/* Begin PBXContainerItemProxy section */
		D0B0CDFC1F4671E8006201CE /* PBXContainerItemProxy */ = {
			isa = PBXContainerItemProxy;
			containerPortal = D0B0CDDF1F4671E8006201CE /* Project object */;
			proxyType = 1;
			remoteGlobalIDString = D0B0CDE61F4671E8006201CE;
			remoteInfo = CrystalClipboard;
		};
		D0B0CE071F4671E8006201CE /* PBXContainerItemProxy */ = {
			isa = PBXContainerItemProxy;
			containerPortal = D0B0CDDF1F4671E8006201CE /* Project object */;
			proxyType = 1;
			remoteGlobalIDString = D0B0CDE61F4671E8006201CE;
			remoteInfo = CrystalClipboard;
		};
/* End PBXContainerItemProxy section */

/* Begin PBXFileReference section */
		036FB4EE4B70B036D66AEB84 /* Pods-CrystalClipboard.production.xcconfig */ = {isa = PBXFileReference; includeInIndex = 1; lastKnownFileType = text.xcconfig; name = "Pods-CrystalClipboard.production.xcconfig"; path = "Pods/Target Support Files/Pods-CrystalClipboard/Pods-CrystalClipboard.production.xcconfig"; sourceTree = "<group>"; };
		049571459341AB9B7512531E /* Pods-CrystalClipboard-CrystalClipboardTests.release.xcconfig */ = {isa = PBXFileReference; includeInIndex = 1; lastKnownFileType = text.xcconfig; name = "Pods-CrystalClipboard-CrystalClipboardTests.release.xcconfig"; path = "Pods/Target Support Files/Pods-CrystalClipboard-CrystalClipboardTests/Pods-CrystalClipboard-CrystalClipboardTests.release.xcconfig"; sourceTree = "<group>"; };
		1F8E08AE67B4CCC73144131C /* Pods-CrystalClipboard-CrystalClipboardUITests.production.xcconfig */ = {isa = PBXFileReference; includeInIndex = 1; lastKnownFileType = text.xcconfig; name = "Pods-CrystalClipboard-CrystalClipboardUITests.production.xcconfig"; path = "Pods/Target Support Files/Pods-CrystalClipboard-CrystalClipboardUITests/Pods-CrystalClipboard-CrystalClipboardUITests.production.xcconfig"; sourceTree = "<group>"; };
		2DDB744BC89EB2A5AAB315A0 /* Pods-CrystalClipboard.release.xcconfig */ = {isa = PBXFileReference; includeInIndex = 1; lastKnownFileType = text.xcconfig; name = "Pods-CrystalClipboard.release.xcconfig"; path = "Pods/Target Support Files/Pods-CrystalClipboard/Pods-CrystalClipboard.release.xcconfig"; sourceTree = "<group>"; };
		3CD82DAABCF3EFB0DB952AD3 /* Pods_CrystalClipboard.framework */ = {isa = PBXFileReference; explicitFileType = wrapper.framework; includeInIndex = 0; path = Pods_CrystalClipboard.framework; sourceTree = BUILT_PRODUCTS_DIR; };
		45FB058D9BD0827705930D3E /* Pods-CrystalClipboard-CrystalClipboardUITests.debug.xcconfig */ = {isa = PBXFileReference; includeInIndex = 1; lastKnownFileType = text.xcconfig; name = "Pods-CrystalClipboard-CrystalClipboardUITests.debug.xcconfig"; path = "Pods/Target Support Files/Pods-CrystalClipboard-CrystalClipboardUITests/Pods-CrystalClipboard-CrystalClipboardUITests.debug.xcconfig"; sourceTree = "<group>"; };
		98AC7623A1F6DE69C6EFFEC0 /* Pods-CrystalClipboard.staging.xcconfig */ = {isa = PBXFileReference; includeInIndex = 1; lastKnownFileType = text.xcconfig; name = "Pods-CrystalClipboard.staging.xcconfig"; path = "Pods/Target Support Files/Pods-CrystalClipboard/Pods-CrystalClipboard.staging.xcconfig"; sourceTree = "<group>"; };
		A17C59FE1324900FFB22280F /* Pods-CrystalClipboard-CrystalClipboardUITests.staging.xcconfig */ = {isa = PBXFileReference; includeInIndex = 1; lastKnownFileType = text.xcconfig; name = "Pods-CrystalClipboard-CrystalClipboardUITests.staging.xcconfig"; path = "Pods/Target Support Files/Pods-CrystalClipboard-CrystalClipboardUITests/Pods-CrystalClipboard-CrystalClipboardUITests.staging.xcconfig"; sourceTree = "<group>"; };
		AAB6D1252A5CFB8E0A71638C /* Pods_CrystalClipboard_CrystalClipboardUITests.framework */ = {isa = PBXFileReference; explicitFileType = wrapper.framework; includeInIndex = 0; path = Pods_CrystalClipboard_CrystalClipboardUITests.framework; sourceTree = BUILT_PRODUCTS_DIR; };
		C526E4CC18C0F90CF02AF061 /* Pods-CrystalClipboard-CrystalClipboardTests.production.xcconfig */ = {isa = PBXFileReference; includeInIndex = 1; lastKnownFileType = text.xcconfig; name = "Pods-CrystalClipboard-CrystalClipboardTests.production.xcconfig"; path = "Pods/Target Support Files/Pods-CrystalClipboard-CrystalClipboardTests/Pods-CrystalClipboard-CrystalClipboardTests.production.xcconfig"; sourceTree = "<group>"; };
		C6AEB327ECEAE3823D0BFB96 /* Pods_CrystalClipboard_CrystalClipboardTests.framework */ = {isa = PBXFileReference; explicitFileType = wrapper.framework; includeInIndex = 0; path = Pods_CrystalClipboard_CrystalClipboardTests.framework; sourceTree = BUILT_PRODUCTS_DIR; };
		D00A00811F61A74900B11866 /* TestAPIProvider.swift */ = {isa = PBXFileReference; lastKnownFileType = sourcecode.swift; path = TestAPIProvider.swift; sourceTree = "<group>"; };
		D00A00831F61AC9300B11866 /* ISO8601JSONEncoder.swift */ = {isa = PBXFileReference; lastKnownFileType = sourcecode.swift; path = ISO8601JSONEncoder.swift; sourceTree = "<group>"; };
		D00D68361F55CAF80029BC79 /* Identifiers.swift */ = {isa = PBXFileReference; fileEncoding = 4; lastKnownFileType = sourcecode.swift; path = Identifiers.swift; sourceTree = "<group>"; };
		D00D68411F55DA210029BC79 /* UIStoryboard+Extensions.swift */ = {isa = PBXFileReference; fileEncoding = 4; lastKnownFileType = sourcecode.swift; name = "UIStoryboard+Extensions.swift"; path = "Extensions/UIStoryboard+Extensions.swift"; sourceTree = "<group>"; };
		D00D68431F55DEE60029BC79 /* SignedOut.storyboard */ = {isa = PBXFileReference; fileEncoding = 4; lastKnownFileType = file.storyboard; path = SignedOut.storyboard; sourceTree = "<group>"; };
		D00D68451F55E5140029BC79 /* RootViewModel.swift */ = {isa = PBXFileReference; fileEncoding = 4; lastKnownFileType = sourcecode.swift; name = RootViewModel.swift; path = "View Models/RootViewModel.swift"; sourceTree = "<group>"; };
		D00D68471F55E8260029BC79 /* ClipsViewController.swift */ = {isa = PBXFileReference; fileEncoding = 4; lastKnownFileType = sourcecode.swift; path = ClipsViewController.swift; sourceTree = "<group>"; };
		D00D68491F55E8D70029BC79 /* RootViewModelTests.swift */ = {isa = PBXFileReference; fileEncoding = 4; lastKnownFileType = sourcecode.swift; name = RootViewModelTests.swift; path = "View Models/RootViewModelTests.swift"; sourceTree = "<group>"; };
		D00D684B1F5712F40029BC79 /* UIViewController+Extensions.swift */ = {isa = PBXFileReference; fileEncoding = 4; lastKnownFileType = sourcecode.swift; name = "UIViewController+Extensions.swift"; path = "Extensions/UIViewController+Extensions.swift"; sourceTree = "<group>"; };
		D00D684D1F5733660029BC79 /* SignInViewController.swift */ = {isa = PBXFileReference; fileEncoding = 4; lastKnownFileType = sourcecode.swift; path = SignInViewController.swift; sourceTree = "<group>"; };
		D00D684F1F5733BF0029BC79 /* SignInViewModel.swift */ = {isa = PBXFileReference; fileEncoding = 4; lastKnownFileType = sourcecode.swift; name = SignInViewModel.swift; path = "View Models/SignInViewModel.swift"; sourceTree = "<group>"; };
		D00D68511F5733EC0029BC79 /* SignInViewModelTests.swift */ = {isa = PBXFileReference; fileEncoding = 4; lastKnownFileType = sourcecode.swift; name = SignInViewModelTests.swift; path = "View Models/SignInViewModelTests.swift"; sourceTree = "<group>"; };
		D00D68551F574FF50029BC79 /* AuthenticatingViewModel.swift */ = {isa = PBXFileReference; fileEncoding = 4; lastKnownFileType = sourcecode.swift; name = AuthenticatingViewModel.swift; path = "View Models/AuthenticatingViewModel.swift"; sourceTree = "<group>"; };
		D00D68571F575AB80029BC79 /* AuthenticatingViewController.swift */ = {isa = PBXFileReference; fileEncoding = 4; lastKnownFileType = sourcecode.swift; path = AuthenticatingViewController.swift; sourceTree = "<group>"; };
		D00D68591F5761330029BC79 /* ResetPasswordViewController.swift */ = {isa = PBXFileReference; fileEncoding = 4; lastKnownFileType = sourcecode.swift; path = ResetPasswordViewController.swift; sourceTree = "<group>"; };
		D00D685B1F5762EE0029BC79 /* ResetPasswordViewModel.swift */ = {isa = PBXFileReference; fileEncoding = 4; lastKnownFileType = sourcecode.swift; name = ResetPasswordViewModel.swift; path = "View Models/ResetPasswordViewModel.swift"; sourceTree = "<group>"; };
		D00D685D1F57631A0029BC79 /* ResetPasswordViewModelTests.swift */ = {isa = PBXFileReference; fileEncoding = 4; lastKnownFileType = sourcecode.swift; name = ResetPasswordViewModelTests.swift; path = "View Models/ResetPasswordViewModelTests.swift"; sourceTree = "<group>"; };
		D00D685F1F589AC10029BC79 /* PersistentContainerSettable.swift */ = {isa = PBXFileReference; fileEncoding = 4; lastKnownFileType = sourcecode.swift; name = PersistentContainerSettable.swift; path = Protocols/PersistentContainerSettable.swift; sourceTree = "<group>"; };
		D00D68621F58A3680029BC79 /* ClipsDataProvider.swift */ = {isa = PBXFileReference; fileEncoding = 4; lastKnownFileType = sourcecode.swift; name = ClipsDataProvider.swift; path = "Data Providers/ClipsDataProvider.swift"; sourceTree = "<group>"; };
		D00D68671F58A55C0029BC79 /* ClipsDataProviderTests.swift */ = {isa = PBXFileReference; fileEncoding = 4; lastKnownFileType = sourcecode.swift; name = ClipsDataProviderTests.swift; path = "Data Providers/ClipsDataProviderTests.swift"; sourceTree = "<group>"; };
		D00D68701F58B2560029BC79 /* ClipTableViewCell.swift */ = {isa = PBXFileReference; fileEncoding = 4; lastKnownFileType = sourcecode.swift; name = ClipTableViewCell.swift; path = Views/ClipTableViewCell.swift; sourceTree = "<group>"; };
		D0112B801F4A7BAE00999761 /* CrystalClipboard.xcdatamodel */ = {isa = PBXFileReference; lastKnownFileType = wrapper.xcdatamodel; path = CrystalClipboard.xcdatamodel; sourceTree = "<group>"; };
		D0112B841F4A7E8400999761 /* ManagedClip.swift */ = {isa = PBXFileReference; fileEncoding = 4; lastKnownFileType = sourcecode.swift; name = ManagedClip.swift; path = Model/ManagedClip.swift; sourceTree = "<group>"; };
		D01A12D51F5E0AA100197ECA /* LoadingFooterView.swift */ = {isa = PBXFileReference; lastKnownFileType = sourcecode.swift; name = LoadingFooterView.swift; path = Views/LoadingFooterView.swift; sourceTree = "<group>"; };
		D01A12D71F5E0B9000197ECA /* LoadingFooterView.xib */ = {isa = PBXFileReference; lastKnownFileType = file.xib; name = LoadingFooterView.xib; path = Views/LoadingFooterView.xib; sourceTree = "<group>"; };
		D01A12D91F5E19B200197ECA /* SpacingFooterView.swift */ = {isa = PBXFileReference; lastKnownFileType = sourcecode.swift; name = SpacingFooterView.swift; path = Views/SpacingFooterView.swift; sourceTree = "<group>"; };
		D01A12DB1F5E19DC00197ECA /* SpacingFooterView.xib */ = {isa = PBXFileReference; lastKnownFileType = file.xib; name = SpacingFooterView.xib; path = Views/SpacingFooterView.xib; sourceTree = "<group>"; };
		D01A12DD1F5E1CEB00197ECA /* NoClipsView.swift */ = {isa = PBXFileReference; lastKnownFileType = sourcecode.swift; name = NoClipsView.swift; path = Views/NoClipsView.swift; sourceTree = "<group>"; };
		D01A12DF1F5E1D1600197ECA /* NoClipsView.xib */ = {isa = PBXFileReference; lastKnownFileType = file.xib; name = NoClipsView.xib; path = Views/NoClipsView.xib; sourceTree = "<group>"; };
		D0253F8E1F5A83B60066B444 /* ISO8601JSONDecoder.swift */ = {isa = PBXFileReference; lastKnownFileType = sourcecode.swift; name = ISO8601JSONDecoder.swift; path = Networking/ISO8601JSONDecoder.swift; sourceTree = "<group>"; };
		D0340BC81F6038A50030CD82 /* ResponseError.swift */ = {isa = PBXFileReference; lastKnownFileType = sourcecode.swift; name = ResponseError.swift; path = Errors/ResponseError.swift; sourceTree = "<group>"; };
		D03ABD3D1F4D37F000A7D473 /* Constants.swift */ = {isa = PBXFileReference; fileEncoding = 4; lastKnownFileType = sourcecode.swift; path = Constants.swift; sourceTree = "<group>"; };
		D03ABD3F1F4E8FF600A7D473 /* Clip.swift */ = {isa = PBXFileReference; fileEncoding = 4; lastKnownFileType = sourcecode.swift; name = Clip.swift; path = Model/Clip.swift; sourceTree = "<group>"; };
		D03ABD411F4E902400A7D473 /* ClipTests.swift */ = {isa = PBXFileReference; fileEncoding = 4; lastKnownFileType = sourcecode.swift; name = ClipTests.swift; path = Model/ClipTests.swift; sourceTree = "<group>"; };
		D04460BC1F5B82F5000464B8 /* SignalProducer+ExtensionsTests.swift */ = {isa = PBXFileReference; lastKnownFileType = sourcecode.swift; name = "SignalProducer+ExtensionsTests.swift"; path = "Extensions/SignalProducer+ExtensionsTests.swift"; sourceTree = "<group>"; };
		D04C144D1F4697A20068AEA0 /* CrystalClipboardAPI.swift */ = {isa = PBXFileReference; fileEncoding = 4; lastKnownFileType = sourcecode.swift; name = CrystalClipboardAPI.swift; path = Networking/CrystalClipboardAPI.swift; sourceTree = "<group>"; };
		D05335FB1F4A861A0077B1F9 /* ManagedClipTests.swift */ = {isa = PBXFileReference; fileEncoding = 4; lastKnownFileType = sourcecode.swift; name = ManagedClipTests.swift; path = Model/ManagedClipTests.swift; sourceTree = "<group>"; };
		D05335FD1F4A87DA0077B1F9 /* CoreDataTestCase.swift */ = {isa = PBXFileReference; fileEncoding = 4; lastKnownFileType = sourcecode.swift; path = CoreDataTestCase.swift; sourceTree = "<group>"; };
		D06EF5CE1F5B62970093C87D /* SignalProducer+Extensions.swift */ = {isa = PBXFileReference; lastKnownFileType = sourcecode.swift; name = "SignalProducer+Extensions.swift"; path = "Extensions/SignalProducer+Extensions.swift"; sourceTree = "<group>"; };
		D06EF5D11F5B650F0093C87D /* Response+ExtensionsTests.swift */ = {isa = PBXFileReference; lastKnownFileType = sourcecode.swift; name = "Response+ExtensionsTests.swift"; path = "Extensions/Response+ExtensionsTests.swift"; sourceTree = "<group>"; };
		D0909B6C1F4D2513000F584B /* Localizable.strings */ = {isa = PBXFileReference; fileEncoding = 4; lastKnownFileType = text.plist.strings; path = Localizable.strings; sourceTree = "<group>"; };
		D0909B6F1F4D282C000F584B /* String+Localized.swift */ = {isa = PBXFileReference; fileEncoding = 4; lastKnownFileType = sourcecode.swift; name = "String+Localized.swift"; path = "Extensions/String+Localized.swift"; sourceTree = "<group>"; };
		D095D8C11F4E260800D15CE4 /* User.swift */ = {isa = PBXFileReference; fileEncoding = 4; lastKnownFileType = sourcecode.swift; name = User.swift; path = Model/User.swift; sourceTree = "<group>"; };
		D095D8CC1F4E2E9300D15CE4 /* UserTests.swift */ = {isa = PBXFileReference; fileEncoding = 4; lastKnownFileType = sourcecode.swift; name = UserTests.swift; path = Model/UserTests.swift; sourceTree = "<group>"; };
		D0979B621F4B306100B8407F /* RootViewController.swift */ = {isa = PBXFileReference; fileEncoding = 4; lastKnownFileType = sourcecode.swift; path = RootViewController.swift; sourceTree = "<group>"; };
		D0979B661F4B31EB00B8407F /* SignUpViewController.swift */ = {isa = PBXFileReference; fileEncoding = 4; lastKnownFileType = sourcecode.swift; path = SignUpViewController.swift; sourceTree = "<group>"; };
		D0979B681F4B325300B8407F /* SignUpViewModel.swift */ = {isa = PBXFileReference; fileEncoding = 4; lastKnownFileType = sourcecode.swift; name = SignUpViewModel.swift; path = "View Models/SignUpViewModel.swift"; sourceTree = "<group>"; };
		D0979B6A1F4B33F300B8407F /* LandingViewController.swift */ = {isa = PBXFileReference; fileEncoding = 4; lastKnownFileType = sourcecode.swift; path = LandingViewController.swift; sourceTree = "<group>"; };
		D0979B6C1F4B341200B8407F /* LandingViewModel.swift */ = {isa = PBXFileReference; fileEncoding = 4; lastKnownFileType = sourcecode.swift; name = LandingViewModel.swift; path = "View Models/LandingViewModel.swift"; sourceTree = "<group>"; };
		D0979B7F1F4B495800B8407F /* SignUpViewModelTests.swift */ = {isa = PBXFileReference; fileEncoding = 4; lastKnownFileType = sourcecode.swift; name = SignUpViewModelTests.swift; path = "View Models/SignUpViewModelTests.swift"; sourceTree = "<group>"; };
		D0979B811F4B580800B8407F /* TestObserver.swift */ = {isa = PBXFileReference; fileEncoding = 4; lastKnownFileType = sourcecode.swift; path = TestObserver.swift; sourceTree = "<group>"; };
		D09DCFF11F5CD4C4000D4B10 /* SubmissionError.swift */ = {isa = PBXFileReference; lastKnownFileType = sourcecode.swift; name = SubmissionError.swift; path = Errors/SubmissionError.swift; sourceTree = "<group>"; };
		D0AACAAA1F6106E9001D4FFF /* XCTestCase+Extensions.swift */ = {isa = PBXFileReference; lastKnownFileType = sourcecode.swift; path = "XCTestCase+Extensions.swift"; sourceTree = "<group>"; };
		D0B0CDE71F4671E8006201CE /* CrystalClipboard.app */ = {isa = PBXFileReference; explicitFileType = wrapper.application; includeInIndex = 0; path = CrystalClipboard.app; sourceTree = BUILT_PRODUCTS_DIR; };
		D0B0CDEA1F4671E8006201CE /* AppDelegate.swift */ = {isa = PBXFileReference; lastKnownFileType = sourcecode.swift; path = AppDelegate.swift; sourceTree = "<group>"; };
		D0B0CDEF1F4671E8006201CE /* Base */ = {isa = PBXFileReference; lastKnownFileType = file.storyboard; name = Base; path = Base.lproj/Main.storyboard; sourceTree = "<group>"; };
		D0B0CDF11F4671E8006201CE /* Assets.xcassets */ = {isa = PBXFileReference; lastKnownFileType = folder.assetcatalog; path = Assets.xcassets; sourceTree = "<group>"; };
		D0B0CDF41F4671E8006201CE /* Base */ = {isa = PBXFileReference; lastKnownFileType = file.storyboard; name = Base; path = Base.lproj/LaunchScreen.storyboard; sourceTree = "<group>"; };
		D0B0CDF61F4671E8006201CE /* Info.plist */ = {isa = PBXFileReference; lastKnownFileType = text.plist.xml; path = Info.plist; sourceTree = "<group>"; };
		D0B0CDFB1F4671E8006201CE /* CrystalClipboardTests.xctest */ = {isa = PBXFileReference; explicitFileType = wrapper.cfbundle; includeInIndex = 0; path = CrystalClipboardTests.xctest; sourceTree = BUILT_PRODUCTS_DIR; };
		D0B0CDFF1F4671E8006201CE /* CrystalClipboardTests.swift */ = {isa = PBXFileReference; lastKnownFileType = sourcecode.swift; path = CrystalClipboardTests.swift; sourceTree = "<group>"; };
		D0B0CE011F4671E8006201CE /* Info.plist */ = {isa = PBXFileReference; lastKnownFileType = text.plist.xml; path = Info.plist; sourceTree = "<group>"; };
		D0B0CE061F4671E8006201CE /* CrystalClipboardUITests.xctest */ = {isa = PBXFileReference; explicitFileType = wrapper.cfbundle; includeInIndex = 0; path = CrystalClipboardUITests.xctest; sourceTree = BUILT_PRODUCTS_DIR; };
		D0B0CE0A1F4671E8006201CE /* CrystalClipboardUITests.swift */ = {isa = PBXFileReference; lastKnownFileType = sourcecode.swift; path = CrystalClipboardUITests.swift; sourceTree = "<group>"; };
		D0B0CE0C1F4671E8006201CE /* Info.plist */ = {isa = PBXFileReference; lastKnownFileType = text.plist.xml; path = Info.plist; sourceTree = "<group>"; };
		D0C1F6101F578FC100E49B77 /* ClipsViewModel.swift */ = {isa = PBXFileReference; fileEncoding = 4; lastKnownFileType = sourcecode.swift; name = ClipsViewModel.swift; path = "View Models/ClipsViewModel.swift"; sourceTree = "<group>"; };
		D0C1F6121F578FE600E49B77 /* ClipsViewModelTests.swift */ = {isa = PBXFileReference; fileEncoding = 4; lastKnownFileType = sourcecode.swift; name = ClipsViewModelTests.swift; path = "View Models/ClipsViewModelTests.swift"; sourceTree = "<group>"; };
		D0C1F6161F579D8700E49B77 /* ProviderSettable.swift */ = {isa = PBXFileReference; fileEncoding = 4; lastKnownFileType = sourcecode.swift; name = ProviderSettable.swift; path = Protocols/ProviderSettable.swift; sourceTree = "<group>"; };
		D0C1F6551F590A3700E49B77 /* UIView+Extensions.swift */ = {isa = PBXFileReference; fileEncoding = 4; lastKnownFileType = sourcecode.swift; name = "UIView+Extensions.swift"; path = "Extensions/UIView+Extensions.swift"; sourceTree = "<group>"; };
		D0C1F6571F590D5E00E49B77 /* MarginSettableTextField.swift */ = {isa = PBXFileReference; fileEncoding = 4; lastKnownFileType = sourcecode.swift; name = MarginSettableTextField.swift; path = Views/MarginSettableTextField.swift; sourceTree = "<group>"; };
		D0C1F6591F592DD600E49B77 /* ClipCellViewModel.swift */ = {isa = PBXFileReference; fileEncoding = 4; lastKnownFileType = sourcecode.swift; name = ClipCellViewModel.swift; path = "View Models/ClipCellViewModel.swift"; sourceTree = "<group>"; };
		D0C1F65B1F592EFB00E49B77 /* ClipType.swift */ = {isa = PBXFileReference; fileEncoding = 4; lastKnownFileType = sourcecode.swift; name = ClipType.swift; path = Protocols/ClipType.swift; sourceTree = "<group>"; };
		D0D59B6F1F4A0A0100200ABD /* Cable.swift */ = {isa = PBXFileReference; fileEncoding = 4; lastKnownFileType = sourcecode.swift; name = Cable.swift; path = Networking/Cable.swift; sourceTree = "<group>"; };
		D0FD1CFD1F5B5A590061535C /* Response+Extensions.swift */ = {isa = PBXFileReference; lastKnownFileType = sourcecode.swift; name = "Response+Extensions.swift"; path = "Extensions/Response+Extensions.swift"; sourceTree = "<group>"; };
		D22B5B8698FE83A31D24280D /* Pods-CrystalClipboard-CrystalClipboardTests.staging.xcconfig */ = {isa = PBXFileReference; includeInIndex = 1; lastKnownFileType = text.xcconfig; name = "Pods-CrystalClipboard-CrystalClipboardTests.staging.xcconfig"; path = "Pods/Target Support Files/Pods-CrystalClipboard-CrystalClipboardTests/Pods-CrystalClipboard-CrystalClipboardTests.staging.xcconfig"; sourceTree = "<group>"; };
		DD3162C9717AFAFB194112F5 /* Pods-CrystalClipboard-CrystalClipboardUITests.release.xcconfig */ = {isa = PBXFileReference; includeInIndex = 1; lastKnownFileType = text.xcconfig; name = "Pods-CrystalClipboard-CrystalClipboardUITests.release.xcconfig"; path = "Pods/Target Support Files/Pods-CrystalClipboard-CrystalClipboardUITests/Pods-CrystalClipboard-CrystalClipboardUITests.release.xcconfig"; sourceTree = "<group>"; };
		DE6B83F86CF51E1C918D30E6 /* Pods-CrystalClipboard-CrystalClipboardTests.debug.xcconfig */ = {isa = PBXFileReference; includeInIndex = 1; lastKnownFileType = text.xcconfig; name = "Pods-CrystalClipboard-CrystalClipboardTests.debug.xcconfig"; path = "Pods/Target Support Files/Pods-CrystalClipboard-CrystalClipboardTests/Pods-CrystalClipboard-CrystalClipboardTests.debug.xcconfig"; sourceTree = "<group>"; };
		E68A0DE5861D5A1DDBC176A1 /* Pods-CrystalClipboard.debug.xcconfig */ = {isa = PBXFileReference; includeInIndex = 1; lastKnownFileType = text.xcconfig; name = "Pods-CrystalClipboard.debug.xcconfig"; path = "Pods/Target Support Files/Pods-CrystalClipboard/Pods-CrystalClipboard.debug.xcconfig"; sourceTree = "<group>"; };
/* End PBXFileReference section */

/* Begin PBXFrameworksBuildPhase section */
		D0B0CDE41F4671E8006201CE /* Frameworks */ = {
			isa = PBXFrameworksBuildPhase;
			buildActionMask = 2147483647;
			files = (
				071DD13392D6F63A9C9E6577 /* Pods_CrystalClipboard.framework in Frameworks */,
			);
			runOnlyForDeploymentPostprocessing = 0;
		};
		D0B0CDF81F4671E8006201CE /* Frameworks */ = {
			isa = PBXFrameworksBuildPhase;
			buildActionMask = 2147483647;
			files = (
				AC34E29D5531A22239EC7F0A /* Pods_CrystalClipboard_CrystalClipboardTests.framework in Frameworks */,
			);
			runOnlyForDeploymentPostprocessing = 0;
		};
		D0B0CE031F4671E8006201CE /* Frameworks */ = {
			isa = PBXFrameworksBuildPhase;
			buildActionMask = 2147483647;
			files = (
				5139455BEAD1A38DFBEC3EFE /* Pods_CrystalClipboard_CrystalClipboardUITests.framework in Frameworks */,
			);
			runOnlyForDeploymentPostprocessing = 0;
		};
/* End PBXFrameworksBuildPhase section */

/* Begin PBXGroup section */
		27715EBB51F30EDB520AAC9E /* Pods */ = {
			isa = PBXGroup;
			children = (
				E68A0DE5861D5A1DDBC176A1 /* Pods-CrystalClipboard.debug.xcconfig */,
				2DDB744BC89EB2A5AAB315A0 /* Pods-CrystalClipboard.release.xcconfig */,
				98AC7623A1F6DE69C6EFFEC0 /* Pods-CrystalClipboard.staging.xcconfig */,
				036FB4EE4B70B036D66AEB84 /* Pods-CrystalClipboard.production.xcconfig */,
				DE6B83F86CF51E1C918D30E6 /* Pods-CrystalClipboard-CrystalClipboardTests.debug.xcconfig */,
				D22B5B8698FE83A31D24280D /* Pods-CrystalClipboard-CrystalClipboardTests.staging.xcconfig */,
				049571459341AB9B7512531E /* Pods-CrystalClipboard-CrystalClipboardTests.release.xcconfig */,
				C526E4CC18C0F90CF02AF061 /* Pods-CrystalClipboard-CrystalClipboardTests.production.xcconfig */,
				45FB058D9BD0827705930D3E /* Pods-CrystalClipboard-CrystalClipboardUITests.debug.xcconfig */,
				A17C59FE1324900FFB22280F /* Pods-CrystalClipboard-CrystalClipboardUITests.staging.xcconfig */,
				DD3162C9717AFAFB194112F5 /* Pods-CrystalClipboard-CrystalClipboardUITests.release.xcconfig */,
				1F8E08AE67B4CCC73144131C /* Pods-CrystalClipboard-CrystalClipboardUITests.production.xcconfig */,
			);
			name = Pods;
			sourceTree = "<group>";
		};
		D00D68611F58A33F0029BC79 /* Data Providers */ = {
			isa = PBXGroup;
			children = (
				D00D68621F58A3680029BC79 /* ClipsDataProvider.swift */,
			);
			name = "Data Providers";
			sourceTree = "<group>";
		};
		D00D68661F58A5490029BC79 /* Data Providers */ = {
			isa = PBXGroup;
			children = (
				D00D68671F58A55C0029BC79 /* ClipsDataProviderTests.swift */,
			);
			name = "Data Providers";
			sourceTree = "<group>";
		};
		D00D686F1F58B2230029BC79 /* Views */ = {
			isa = PBXGroup;
			children = (
				D00D68701F58B2560029BC79 /* ClipTableViewCell.swift */,
				D01A12D51F5E0AA100197ECA /* LoadingFooterView.swift */,
				D01A12D71F5E0B9000197ECA /* LoadingFooterView.xib */,
				D0C1F6571F590D5E00E49B77 /* MarginSettableTextField.swift */,
				D01A12DD1F5E1CEB00197ECA /* NoClipsView.swift */,
				D01A12DF1F5E1D1600197ECA /* NoClipsView.xib */,
				D01A12D91F5E19B200197ECA /* SpacingFooterView.swift */,
				D01A12DB1F5E19DC00197ECA /* SpacingFooterView.xib */,
			);
			name = Views;
			sourceTree = "<group>";
		};
		D0112B7E1F4A7B5200999761 /* Model */ = {
			isa = PBXGroup;
			children = (
				D03ABD3F1F4E8FF600A7D473 /* Clip.swift */,
				D0112B7F1F4A7BAE00999761 /* CrystalClipboard.xcdatamodeld */,
				D0112B841F4A7E8400999761 /* ManagedClip.swift */,
				D095D8C11F4E260800D15CE4 /* User.swift */,
			);
			name = Model;
			sourceTree = "<group>";
		};
		D035A2C31F46921000B6887B /* Supporting Files */ = {
			isa = PBXGroup;
			children = (
				D0B0CDF61F4671E8006201CE /* Info.plist */,
				D0909B6C1F4D2513000F584B /* Localizable.strings */,
			);
			path = "Supporting Files";
			sourceTree = "<group>";
		};
		D035A2C41F46923E00B6887B /* Storyboards */ = {
			isa = PBXGroup;
			children = (
				D00D68361F55CAF80029BC79 /* Identifiers.swift */,
				D0B0CDF31F4671E8006201CE /* LaunchScreen.storyboard */,
				D0B0CDEE1F4671E8006201CE /* Main.storyboard */,
				D00D68431F55DEE60029BC79 /* SignedOut.storyboard */,
			);
			path = Storyboards;
			sourceTree = "<group>";
		};
		D035A2C51F46928600B6887B /* Controllers */ = {
			isa = PBXGroup;
			children = (
				D00D68571F575AB80029BC79 /* AuthenticatingViewController.swift */,
				D00D68471F55E8260029BC79 /* ClipsViewController.swift */,
				D0979B6A1F4B33F300B8407F /* LandingViewController.swift */,
				D00D68591F5761330029BC79 /* ResetPasswordViewController.swift */,
				D0979B621F4B306100B8407F /* RootViewController.swift */,
				D00D684D1F5733660029BC79 /* SignInViewController.swift */,
				D0979B661F4B31EB00B8407F /* SignUpViewController.swift */,
			);
			path = Controllers;
			sourceTree = "<group>";
		};
		D035A2C61F46929A00B6887B /* Supporting Files */ = {
			isa = PBXGroup;
			children = (
				D0B0CE0C1F4671E8006201CE /* Info.plist */,
			);
			path = "Supporting Files";
			sourceTree = "<group>";
		};
		D035A2C71F4692A800B6887B /* Supporting Files */ = {
			isa = PBXGroup;
			children = (
				D0B0CE011F4671E8006201CE /* Info.plist */,
			);
			path = "Supporting Files";
			sourceTree = "<group>";
		};
		D04C144C1F46975E0068AEA0 /* Networking */ = {
			isa = PBXGroup;
			children = (
				D0D59B6F1F4A0A0100200ABD /* Cable.swift */,
				D04C144D1F4697A20068AEA0 /* CrystalClipboardAPI.swift */,
				D0253F8E1F5A83B60066B444 /* ISO8601JSONDecoder.swift */,
				D00A00831F61AC9300B11866 /* ISO8601JSONEncoder.swift */,
			);
			name = Networking;
			sourceTree = "<group>";
		};
		D05335FA1F4A85FA0077B1F9 /* Model */ = {
			isa = PBXGroup;
			children = (
				D03ABD411F4E902400A7D473 /* ClipTests.swift */,
				D05335FB1F4A861A0077B1F9 /* ManagedClipTests.swift */,
				D095D8CC1F4E2E9300D15CE4 /* UserTests.swift */,
			);
			name = Model;
			sourceTree = "<group>";
		};
		D06EF5D01F5B64E80093C87D /* Extensions */ = {
			isa = PBXGroup;
			children = (
				D06EF5D11F5B650F0093C87D /* Response+ExtensionsTests.swift */,
				D04460BC1F5B82F5000464B8 /* SignalProducer+ExtensionsTests.swift */,
			);
			name = Extensions;
			sourceTree = "<group>";
		};
		D0909B6E1F4D27C0000F584B /* Extensions */ = {
			isa = PBXGroup;
			children = (
				D0FD1CFD1F5B5A590061535C /* Response+Extensions.swift */,
				D06EF5CE1F5B62970093C87D /* SignalProducer+Extensions.swift */,
				D0909B6F1F4D282C000F584B /* String+Localized.swift */,
				D00D68411F55DA210029BC79 /* UIStoryboard+Extensions.swift */,
				D0C1F6551F590A3700E49B77 /* UIView+Extensions.swift */,
				D00D684B1F5712F40029BC79 /* UIViewController+Extensions.swift */,
			);
			name = Extensions;
			sourceTree = "<group>";
		};
		D095D8C51F4E268700D15CE4 /* Protocols */ = {
			isa = PBXGroup;
			children = (
				D0C1F65B1F592EFB00E49B77 /* ClipType.swift */,
				D00D685F1F589AC10029BC79 /* PersistentContainerSettable.swift */,
				D0C1F6161F579D8700E49B77 /* ProviderSettable.swift */,
			);
			name = Protocols;
			sourceTree = "<group>";
		};
		D0979B651F4B31B200B8407F /* View Models */ = {
			isa = PBXGroup;
			children = (
				D00D68551F574FF50029BC79 /* AuthenticatingViewModel.swift */,
				D0C1F6591F592DD600E49B77 /* ClipCellViewModel.swift */,
				D0C1F6101F578FC100E49B77 /* ClipsViewModel.swift */,
				D0979B6C1F4B341200B8407F /* LandingViewModel.swift */,
				D00D685B1F5762EE0029BC79 /* ResetPasswordViewModel.swift */,
				D00D68451F55E5140029BC79 /* RootViewModel.swift */,
				D00D684F1F5733BF0029BC79 /* SignInViewModel.swift */,
				D0979B681F4B325300B8407F /* SignUpViewModel.swift */,
			);
			name = "View Models";
			sourceTree = "<group>";
		};
		D0979B7E1F4B491100B8407F /* View Models */ = {
			isa = PBXGroup;
			children = (
				D0C1F6121F578FE600E49B77 /* ClipsViewModelTests.swift */,
				D00D685D1F57631A0029BC79 /* ResetPasswordViewModelTests.swift */,
				D00D68491F55E8D70029BC79 /* RootViewModelTests.swift */,
				D00D68511F5733EC0029BC79 /* SignInViewModelTests.swift */,
				D0979B7F1F4B495800B8407F /* SignUpViewModelTests.swift */,
			);
			name = "View Models";
			sourceTree = "<group>";
		};
		D09DCFF01F5CD49F000D4B10 /* Errors */ = {
			isa = PBXGroup;
			children = (
				D09DCFF11F5CD4C4000D4B10 /* SubmissionError.swift */,
				D0340BC81F6038A50030CD82 /* ResponseError.swift */,
			);
			name = Errors;
			sourceTree = "<group>";
		};
		D0B0CDDE1F4671E8006201CE = {
			isa = PBXGroup;
			children = (
				D0B0CDE91F4671E8006201CE /* CrystalClipboard */,
				D0B0CDFE1F4671E8006201CE /* CrystalClipboardTests */,
				D0B0CE091F4671E8006201CE /* CrystalClipboardUITests */,
				D0B0CDE81F4671E8006201CE /* Products */,
				27715EBB51F30EDB520AAC9E /* Pods */,
				F1B40374E4D5B68ECE5498FB /* Frameworks */,
			);
			sourceTree = "<group>";
		};
		D0B0CDE81F4671E8006201CE /* Products */ = {
			isa = PBXGroup;
			children = (
				D0B0CDE71F4671E8006201CE /* CrystalClipboard.app */,
				D0B0CDFB1F4671E8006201CE /* CrystalClipboardTests.xctest */,
				D0B0CE061F4671E8006201CE /* CrystalClipboardUITests.xctest */,
			);
			name = Products;
			sourceTree = "<group>";
		};
		D0B0CDE91F4671E8006201CE /* CrystalClipboard */ = {
			isa = PBXGroup;
			children = (
				D0B0CDEA1F4671E8006201CE /* AppDelegate.swift */,
				D0B0CDF11F4671E8006201CE /* Assets.xcassets */,
				D03ABD3D1F4D37F000A7D473 /* Constants.swift */,
				D035A2C51F46928600B6887B /* Controllers */,
				D00D68611F58A33F0029BC79 /* Data Providers */,
				D09DCFF01F5CD49F000D4B10 /* Errors */,
				D0909B6E1F4D27C0000F584B /* Extensions */,
				D0112B7E1F4A7B5200999761 /* Model */,
				D04C144C1F46975E0068AEA0 /* Networking */,
				D095D8C51F4E268700D15CE4 /* Protocols */,
				D035A2C41F46923E00B6887B /* Storyboards */,
				D035A2C31F46921000B6887B /* Supporting Files */,
				D0979B651F4B31B200B8407F /* View Models */,
				D00D686F1F58B2230029BC79 /* Views */,
			);
			path = CrystalClipboard;
			sourceTree = "<group>";
		};
		D0B0CDFE1F4671E8006201CE /* CrystalClipboardTests */ = {
			isa = PBXGroup;
			children = (
				D05335FD1F4A87DA0077B1F9 /* CoreDataTestCase.swift */,
				D0B0CDFF1F4671E8006201CE /* CrystalClipboardTests.swift */,
				D00D68661F58A5490029BC79 /* Data Providers */,
				D06EF5D01F5B64E80093C87D /* Extensions */,
				D05335FA1F4A85FA0077B1F9 /* Model */,
				D035A2C71F4692A800B6887B /* Supporting Files */,
				D00A00811F61A74900B11866 /* TestAPIProvider.swift */,
				D0979B811F4B580800B8407F /* TestObserver.swift */,
				D0979B7E1F4B491100B8407F /* View Models */,
				D0AACAAA1F6106E9001D4FFF /* XCTestCase+Extensions.swift */,
			);
			path = CrystalClipboardTests;
			sourceTree = "<group>";
		};
		D0B0CE091F4671E8006201CE /* CrystalClipboardUITests */ = {
			isa = PBXGroup;
			children = (
				D035A2C61F46929A00B6887B /* Supporting Files */,
				D0B0CE0A1F4671E8006201CE /* CrystalClipboardUITests.swift */,
			);
			path = CrystalClipboardUITests;
			sourceTree = "<group>";
		};
		F1B40374E4D5B68ECE5498FB /* Frameworks */ = {
			isa = PBXGroup;
			children = (
				3CD82DAABCF3EFB0DB952AD3 /* Pods_CrystalClipboard.framework */,
				C6AEB327ECEAE3823D0BFB96 /* Pods_CrystalClipboard_CrystalClipboardTests.framework */,
				AAB6D1252A5CFB8E0A71638C /* Pods_CrystalClipboard_CrystalClipboardUITests.framework */,
			);
			name = Frameworks;
			sourceTree = "<group>";
		};
/* End PBXGroup section */

/* Begin PBXNativeTarget section */
		D0B0CDE61F4671E8006201CE /* CrystalClipboard */ = {
			isa = PBXNativeTarget;
			buildConfigurationList = D0B0CE0F1F4671E8006201CE /* Build configuration list for PBXNativeTarget "CrystalClipboard" */;
			buildPhases = (
				13FFB9CF8D13BB90E478D68B /* [CP] Check Pods Manifest.lock */,
				D0B0CDE31F4671E8006201CE /* Sources */,
				D0B0CDE41F4671E8006201CE /* Frameworks */,
				D0B0CDE51F4671E8006201CE /* Resources */,
				C94923CFACD419EC3592554C /* [CP] Embed Pods Frameworks */,
				4160214CE2B9C9976CC60135 /* [CP] Copy Pods Resources */,
			);
			buildRules = (
			);
			dependencies = (
			);
			name = CrystalClipboard;
			productName = CrystalClipboard;
			productReference = D0B0CDE71F4671E8006201CE /* CrystalClipboard.app */;
			productType = "com.apple.product-type.application";
		};
		D0B0CDFA1F4671E8006201CE /* CrystalClipboardTests */ = {
			isa = PBXNativeTarget;
			buildConfigurationList = D0B0CE121F4671E8006201CE /* Build configuration list for PBXNativeTarget "CrystalClipboardTests" */;
			buildPhases = (
				0E0DA262DACF8775E5A1DA6F /* [CP] Check Pods Manifest.lock */,
				D0B0CDF71F4671E8006201CE /* Sources */,
				D0B0CDF81F4671E8006201CE /* Frameworks */,
				D0B0CDF91F4671E8006201CE /* Resources */,
				3B06FDB0EA5A029036AC503F /* [CP] Embed Pods Frameworks */,
				3AED5FB41292C0E7871FCC46 /* [CP] Copy Pods Resources */,
			);
			buildRules = (
			);
			dependencies = (
				D0B0CDFD1F4671E8006201CE /* PBXTargetDependency */,
			);
			name = CrystalClipboardTests;
			productName = CrystalClipboardTests;
			productReference = D0B0CDFB1F4671E8006201CE /* CrystalClipboardTests.xctest */;
			productType = "com.apple.product-type.bundle.unit-test";
		};
		D0B0CE051F4671E8006201CE /* CrystalClipboardUITests */ = {
			isa = PBXNativeTarget;
			buildConfigurationList = D0B0CE151F4671E8006201CE /* Build configuration list for PBXNativeTarget "CrystalClipboardUITests" */;
			buildPhases = (
				0950069888569888E70761B0 /* [CP] Check Pods Manifest.lock */,
				D0B0CE021F4671E8006201CE /* Sources */,
				D0B0CE031F4671E8006201CE /* Frameworks */,
				D0B0CE041F4671E8006201CE /* Resources */,
				B2800E088E15B75FB922CF7E /* [CP] Embed Pods Frameworks */,
				AE7EE93112A6B2331635A40A /* [CP] Copy Pods Resources */,
			);
			buildRules = (
			);
			dependencies = (
				D0B0CE081F4671E8006201CE /* PBXTargetDependency */,
			);
			name = CrystalClipboardUITests;
			productName = CrystalClipboardUITests;
			productReference = D0B0CE061F4671E8006201CE /* CrystalClipboardUITests.xctest */;
			productType = "com.apple.product-type.bundle.ui-testing";
		};
/* End PBXNativeTarget section */

/* Begin PBXProject section */
		D0B0CDDF1F4671E8006201CE /* Project object */ = {
			isa = PBXProject;
			attributes = {
				LastSwiftUpdateCheck = 0830;
				LastUpgradeCheck = 0900;
				ORGANIZATIONNAME = "Justin Mazzocchi";
				TargetAttributes = {
					D0B0CDE61F4671E8006201CE = {
						CreatedOnToolsVersion = 8.3.3;
						DevelopmentTeam = 9YXHY5F5AA;
						LastSwiftMigration = 0900;
						ProvisioningStyle = Automatic;
					};
					D0B0CDFA1F4671E8006201CE = {
						CreatedOnToolsVersion = 8.3.3;
						DevelopmentTeam = 9YXHY5F5AA;
						LastSwiftMigration = 0900;
						ProvisioningStyle = Automatic;
						TestTargetID = D0B0CDE61F4671E8006201CE;
					};
					D0B0CE051F4671E8006201CE = {
						CreatedOnToolsVersion = 8.3.3;
						DevelopmentTeam = 9YXHY5F5AA;
						LastSwiftMigration = 0900;
						ProvisioningStyle = Automatic;
						TestTargetID = D0B0CDE61F4671E8006201CE;
					};
				};
			};
			buildConfigurationList = D0B0CDE21F4671E8006201CE /* Build configuration list for PBXProject "CrystalClipboard" */;
			compatibilityVersion = "Xcode 3.2";
			developmentRegion = English;
			hasScannedForEncodings = 0;
			knownRegions = (
				en,
				Base,
			);
			mainGroup = D0B0CDDE1F4671E8006201CE;
			productRefGroup = D0B0CDE81F4671E8006201CE /* Products */;
			projectDirPath = "";
			projectRoot = "";
			targets = (
				D0B0CDE61F4671E8006201CE /* CrystalClipboard */,
				D0B0CDFA1F4671E8006201CE /* CrystalClipboardTests */,
				D0B0CE051F4671E8006201CE /* CrystalClipboardUITests */,
			);
		};
/* End PBXProject section */

/* Begin PBXResourcesBuildPhase section */
		D0B0CDE51F4671E8006201CE /* Resources */ = {
			isa = PBXResourcesBuildPhase;
			buildActionMask = 2147483647;
			files = (
				D0B0CDF51F4671E8006201CE /* LaunchScreen.storyboard in Resources */,
				D0909B6D1F4D2513000F584B /* Localizable.strings in Resources */,
				D01A12D81F5E0B9000197ECA /* LoadingFooterView.xib in Resources */,
				D01A12E01F5E1D1600197ECA /* NoClipsView.xib in Resources */,
				D0B0CDF21F4671E8006201CE /* Assets.xcassets in Resources */,
				D0B0CDF01F4671E8006201CE /* Main.storyboard in Resources */,
				D01A12DC1F5E19DC00197ECA /* SpacingFooterView.xib in Resources */,
				D00D68441F55DEE60029BC79 /* SignedOut.storyboard in Resources */,
			);
			runOnlyForDeploymentPostprocessing = 0;
		};
		D0B0CDF91F4671E8006201CE /* Resources */ = {
			isa = PBXResourcesBuildPhase;
			buildActionMask = 2147483647;
			files = (
			);
			runOnlyForDeploymentPostprocessing = 0;
		};
		D0B0CE041F4671E8006201CE /* Resources */ = {
			isa = PBXResourcesBuildPhase;
			buildActionMask = 2147483647;
			files = (
			);
			runOnlyForDeploymentPostprocessing = 0;
		};
/* End PBXResourcesBuildPhase section */

/* Begin PBXShellScriptBuildPhase section */
		0950069888569888E70761B0 /* [CP] Check Pods Manifest.lock */ = {
			isa = PBXShellScriptBuildPhase;
			buildActionMask = 2147483647;
			files = (
			);
			inputPaths = (
				"${PODS_PODFILE_DIR_PATH}/Podfile.lock",
				"${PODS_ROOT}/Manifest.lock",
			);
			name = "[CP] Check Pods Manifest.lock";
			outputPaths = (
				"$(DERIVED_FILE_DIR)/Pods-CrystalClipboard-CrystalClipboardUITests-checkManifestLockResult.txt",
			);
			runOnlyForDeploymentPostprocessing = 0;
			shellPath = /bin/sh;
			shellScript = "diff \"${PODS_PODFILE_DIR_PATH}/Podfile.lock\" \"${PODS_ROOT}/Manifest.lock\" > /dev/null\nif [ $? != 0 ] ; then\n    # print error to STDERR\n    echo \"error: The sandbox is not in sync with the Podfile.lock. Run 'pod install' or update your CocoaPods installation.\" >&2\n    exit 1\nfi\n# This output is used by Xcode 'outputs' to avoid re-running this script phase.\necho \"SUCCESS\" > \"${SCRIPT_OUTPUT_FILE_0}\"\n";
			showEnvVarsInLog = 0;
		};
		0E0DA262DACF8775E5A1DA6F /* [CP] Check Pods Manifest.lock */ = {
			isa = PBXShellScriptBuildPhase;
			buildActionMask = 2147483647;
			files = (
			);
			inputPaths = (
				"${PODS_PODFILE_DIR_PATH}/Podfile.lock",
				"${PODS_ROOT}/Manifest.lock",
			);
			name = "[CP] Check Pods Manifest.lock";
			outputPaths = (
				"$(DERIVED_FILE_DIR)/Pods-CrystalClipboard-CrystalClipboardTests-checkManifestLockResult.txt",
			);
			runOnlyForDeploymentPostprocessing = 0;
			shellPath = /bin/sh;
			shellScript = "diff \"${PODS_PODFILE_DIR_PATH}/Podfile.lock\" \"${PODS_ROOT}/Manifest.lock\" > /dev/null\nif [ $? != 0 ] ; then\n    # print error to STDERR\n    echo \"error: The sandbox is not in sync with the Podfile.lock. Run 'pod install' or update your CocoaPods installation.\" >&2\n    exit 1\nfi\n# This output is used by Xcode 'outputs' to avoid re-running this script phase.\necho \"SUCCESS\" > \"${SCRIPT_OUTPUT_FILE_0}\"\n";
			showEnvVarsInLog = 0;
		};
		13FFB9CF8D13BB90E478D68B /* [CP] Check Pods Manifest.lock */ = {
			isa = PBXShellScriptBuildPhase;
			buildActionMask = 2147483647;
			files = (
			);
			inputPaths = (
				"${PODS_PODFILE_DIR_PATH}/Podfile.lock",
				"${PODS_ROOT}/Manifest.lock",
			);
			name = "[CP] Check Pods Manifest.lock";
			outputPaths = (
				"$(DERIVED_FILE_DIR)/Pods-CrystalClipboard-checkManifestLockResult.txt",
			);
			runOnlyForDeploymentPostprocessing = 0;
			shellPath = /bin/sh;
			shellScript = "diff \"${PODS_PODFILE_DIR_PATH}/Podfile.lock\" \"${PODS_ROOT}/Manifest.lock\" > /dev/null\nif [ $? != 0 ] ; then\n    # print error to STDERR\n    echo \"error: The sandbox is not in sync with the Podfile.lock. Run 'pod install' or update your CocoaPods installation.\" >&2\n    exit 1\nfi\n# This output is used by Xcode 'outputs' to avoid re-running this script phase.\necho \"SUCCESS\" > \"${SCRIPT_OUTPUT_FILE_0}\"\n";
			showEnvVarsInLog = 0;
		};
		3AED5FB41292C0E7871FCC46 /* [CP] Copy Pods Resources */ = {
			isa = PBXShellScriptBuildPhase;
			buildActionMask = 2147483647;
			files = (
			);
			inputPaths = (
			);
			name = "[CP] Copy Pods Resources";
			outputPaths = (
			);
			runOnlyForDeploymentPostprocessing = 0;
			shellPath = /bin/sh;
			shellScript = "\"${SRCROOT}/Pods/Target Support Files/Pods-CrystalClipboard-CrystalClipboardTests/Pods-CrystalClipboard-CrystalClipboardTests-resources.sh\"\n";
			showEnvVarsInLog = 0;
		};
		3B06FDB0EA5A029036AC503F /* [CP] Embed Pods Frameworks */ = {
			isa = PBXShellScriptBuildPhase;
			buildActionMask = 2147483647;
			files = (
			);
			inputPaths = (
				"${SRCROOT}/Pods/Target Support Files/Pods-CrystalClipboard-CrystalClipboardTests/Pods-CrystalClipboard-CrystalClipboardTests-frameworks.sh",
				"${BUILT_PRODUCTS_DIR}/Alamofire/Alamofire.framework",
				"${BUILT_PRODUCTS_DIR}/CellHelpers/CellHelpers.framework",
				"${BUILT_PRODUCTS_DIR}/KeychainAccess/KeychainAccess.framework",
				"${BUILT_PRODUCTS_DIR}/Keys/Keys.framework",
				"${BUILT_PRODUCTS_DIR}/Moya/Moya.framework",
				"${BUILT_PRODUCTS_DIR}/PKHUD/PKHUD.framework",
				"${BUILT_PRODUCTS_DIR}/ReactiveCocoa/ReactiveCocoa.framework",
				"${BUILT_PRODUCTS_DIR}/ReactiveSwift/ReactiveSwift.framework",
				"${BUILT_PRODUCTS_DIR}/Result/Result.framework",
				"${BUILT_PRODUCTS_DIR}/Starscream/Starscream.framework",
			);
			name = "[CP] Embed Pods Frameworks";
			outputPaths = (
				"${TARGET_BUILD_DIR}/${FRAMEWORKS_FOLDER_PATH}/Alamofire.framework",
				"${TARGET_BUILD_DIR}/${FRAMEWORKS_FOLDER_PATH}/CellHelpers.framework",
				"${TARGET_BUILD_DIR}/${FRAMEWORKS_FOLDER_PATH}/KeychainAccess.framework",
				"${TARGET_BUILD_DIR}/${FRAMEWORKS_FOLDER_PATH}/Keys.framework",
				"${TARGET_BUILD_DIR}/${FRAMEWORKS_FOLDER_PATH}/Moya.framework",
				"${TARGET_BUILD_DIR}/${FRAMEWORKS_FOLDER_PATH}/PKHUD.framework",
				"${TARGET_BUILD_DIR}/${FRAMEWORKS_FOLDER_PATH}/ReactiveCocoa.framework",
				"${TARGET_BUILD_DIR}/${FRAMEWORKS_FOLDER_PATH}/ReactiveSwift.framework",
				"${TARGET_BUILD_DIR}/${FRAMEWORKS_FOLDER_PATH}/Result.framework",
				"${TARGET_BUILD_DIR}/${FRAMEWORKS_FOLDER_PATH}/Starscream.framework",
			);
			runOnlyForDeploymentPostprocessing = 0;
			shellPath = /bin/sh;
			shellScript = "\"${SRCROOT}/Pods/Target Support Files/Pods-CrystalClipboard-CrystalClipboardTests/Pods-CrystalClipboard-CrystalClipboardTests-frameworks.sh\"\n";
			showEnvVarsInLog = 0;
		};
		4160214CE2B9C9976CC60135 /* [CP] Copy Pods Resources */ = {
			isa = PBXShellScriptBuildPhase;
			buildActionMask = 2147483647;
			files = (
			);
			inputPaths = (
			);
			name = "[CP] Copy Pods Resources";
			outputPaths = (
			);
			runOnlyForDeploymentPostprocessing = 0;
			shellPath = /bin/sh;
			shellScript = "\"${SRCROOT}/Pods/Target Support Files/Pods-CrystalClipboard/Pods-CrystalClipboard-resources.sh\"\n";
			showEnvVarsInLog = 0;
		};
		AE7EE93112A6B2331635A40A /* [CP] Copy Pods Resources */ = {
			isa = PBXShellScriptBuildPhase;
			buildActionMask = 2147483647;
			files = (
			);
			inputPaths = (
			);
			name = "[CP] Copy Pods Resources";
			outputPaths = (
			);
			runOnlyForDeploymentPostprocessing = 0;
			shellPath = /bin/sh;
			shellScript = "\"${SRCROOT}/Pods/Target Support Files/Pods-CrystalClipboard-CrystalClipboardUITests/Pods-CrystalClipboard-CrystalClipboardUITests-resources.sh\"\n";
			showEnvVarsInLog = 0;
		};
		B2800E088E15B75FB922CF7E /* [CP] Embed Pods Frameworks */ = {
			isa = PBXShellScriptBuildPhase;
			buildActionMask = 2147483647;
			files = (
			);
			inputPaths = (
				"${SRCROOT}/Pods/Target Support Files/Pods-CrystalClipboard-CrystalClipboardUITests/Pods-CrystalClipboard-CrystalClipboardUITests-frameworks.sh",
				"${BUILT_PRODUCTS_DIR}/Alamofire/Alamofire.framework",
				"${BUILT_PRODUCTS_DIR}/CellHelpers/CellHelpers.framework",
				"${BUILT_PRODUCTS_DIR}/KeychainAccess/KeychainAccess.framework",
				"${BUILT_PRODUCTS_DIR}/Keys/Keys.framework",
				"${BUILT_PRODUCTS_DIR}/Moya/Moya.framework",
				"${BUILT_PRODUCTS_DIR}/PKHUD/PKHUD.framework",
				"${BUILT_PRODUCTS_DIR}/ReactiveCocoa/ReactiveCocoa.framework",
				"${BUILT_PRODUCTS_DIR}/ReactiveSwift/ReactiveSwift.framework",
				"${BUILT_PRODUCTS_DIR}/Result/Result.framework",
				"${BUILT_PRODUCTS_DIR}/Starscream/Starscream.framework",
			);
			name = "[CP] Embed Pods Frameworks";
			outputPaths = (
				"${TARGET_BUILD_DIR}/${FRAMEWORKS_FOLDER_PATH}/Alamofire.framework",
				"${TARGET_BUILD_DIR}/${FRAMEWORKS_FOLDER_PATH}/CellHelpers.framework",
				"${TARGET_BUILD_DIR}/${FRAMEWORKS_FOLDER_PATH}/KeychainAccess.framework",
				"${TARGET_BUILD_DIR}/${FRAMEWORKS_FOLDER_PATH}/Keys.framework",
				"${TARGET_BUILD_DIR}/${FRAMEWORKS_FOLDER_PATH}/Moya.framework",
				"${TARGET_BUILD_DIR}/${FRAMEWORKS_FOLDER_PATH}/PKHUD.framework",
				"${TARGET_BUILD_DIR}/${FRAMEWORKS_FOLDER_PATH}/ReactiveCocoa.framework",
				"${TARGET_BUILD_DIR}/${FRAMEWORKS_FOLDER_PATH}/ReactiveSwift.framework",
				"${TARGET_BUILD_DIR}/${FRAMEWORKS_FOLDER_PATH}/Result.framework",
				"${TARGET_BUILD_DIR}/${FRAMEWORKS_FOLDER_PATH}/Starscream.framework",
			);
			runOnlyForDeploymentPostprocessing = 0;
			shellPath = /bin/sh;
			shellScript = "\"${SRCROOT}/Pods/Target Support Files/Pods-CrystalClipboard-CrystalClipboardUITests/Pods-CrystalClipboard-CrystalClipboardUITests-frameworks.sh\"\n";
			showEnvVarsInLog = 0;
		};
		C94923CFACD419EC3592554C /* [CP] Embed Pods Frameworks */ = {
			isa = PBXShellScriptBuildPhase;
			buildActionMask = 2147483647;
			files = (
			);
			inputPaths = (
				"${SRCROOT}/Pods/Target Support Files/Pods-CrystalClipboard/Pods-CrystalClipboard-frameworks.sh",
				"${BUILT_PRODUCTS_DIR}/Alamofire/Alamofire.framework",
				"${BUILT_PRODUCTS_DIR}/CellHelpers/CellHelpers.framework",
				"${BUILT_PRODUCTS_DIR}/KeychainAccess/KeychainAccess.framework",
				"${BUILT_PRODUCTS_DIR}/Keys/Keys.framework",
				"${BUILT_PRODUCTS_DIR}/Moya/Moya.framework",
				"${BUILT_PRODUCTS_DIR}/PKHUD/PKHUD.framework",
				"${BUILT_PRODUCTS_DIR}/ReactiveCocoa/ReactiveCocoa.framework",
				"${BUILT_PRODUCTS_DIR}/ReactiveSwift/ReactiveSwift.framework",
				"${BUILT_PRODUCTS_DIR}/Result/Result.framework",
				"${BUILT_PRODUCTS_DIR}/Starscream/Starscream.framework",
			);
			name = "[CP] Embed Pods Frameworks";
			outputPaths = (
				"${TARGET_BUILD_DIR}/${FRAMEWORKS_FOLDER_PATH}/Alamofire.framework",
				"${TARGET_BUILD_DIR}/${FRAMEWORKS_FOLDER_PATH}/CellHelpers.framework",
				"${TARGET_BUILD_DIR}/${FRAMEWORKS_FOLDER_PATH}/KeychainAccess.framework",
				"${TARGET_BUILD_DIR}/${FRAMEWORKS_FOLDER_PATH}/Keys.framework",
				"${TARGET_BUILD_DIR}/${FRAMEWORKS_FOLDER_PATH}/Moya.framework",
				"${TARGET_BUILD_DIR}/${FRAMEWORKS_FOLDER_PATH}/PKHUD.framework",
				"${TARGET_BUILD_DIR}/${FRAMEWORKS_FOLDER_PATH}/ReactiveCocoa.framework",
				"${TARGET_BUILD_DIR}/${FRAMEWORKS_FOLDER_PATH}/ReactiveSwift.framework",
				"${TARGET_BUILD_DIR}/${FRAMEWORKS_FOLDER_PATH}/Result.framework",
				"${TARGET_BUILD_DIR}/${FRAMEWORKS_FOLDER_PATH}/Starscream.framework",
			);
			runOnlyForDeploymentPostprocessing = 0;
			shellPath = /bin/sh;
			shellScript = "\"${SRCROOT}/Pods/Target Support Files/Pods-CrystalClipboard/Pods-CrystalClipboard-frameworks.sh\"\n";
			showEnvVarsInLog = 0;
		};
/* End PBXShellScriptBuildPhase section */

/* Begin PBXSourcesBuildPhase section */
		D0B0CDE31F4671E8006201CE /* Sources */ = {
			isa = PBXSourcesBuildPhase;
			buildActionMask = 2147483647;
			files = (
				D0C1F6581F590D5E00E49B77 /* MarginSettableTextField.swift in Sources */,
				D0253F8F1F5A83B60066B444 /* ISO8601JSONDecoder.swift in Sources */,
				D0979B631F4B306100B8407F /* RootViewController.swift in Sources */,
				D01A12DE1F5E1CEB00197ECA /* NoClipsView.swift in Sources */,
				D03ABD401F4E8FF600A7D473 /* Clip.swift in Sources */,
				D0C1F65C1F592EFB00E49B77 /* ClipType.swift in Sources */,
				D00D685A1F5761330029BC79 /* ResetPasswordViewController.swift in Sources */,
				D01A12D61F5E0AA100197ECA /* LoadingFooterView.swift in Sources */,
				D00D68711F58B2560029BC79 /* ClipTableViewCell.swift in Sources */,
				D06EF5CF1F5B62970093C87D /* SignalProducer+Extensions.swift in Sources */,
				D04C144E1F4697A20068AEA0 /* CrystalClipboardAPI.swift in Sources */,
				D0112B851F4A7E8400999761 /* ManagedClip.swift in Sources */,
				D0340BC91F6038A50030CD82 /* ResponseError.swift in Sources */,
				D01A12DA1F5E19B200197ECA /* SpacingFooterView.swift in Sources */,
				D0C1F6561F590A3700E49B77 /* UIView+Extensions.swift in Sources */,
				D00D685C1F5762EE0029BC79 /* ResetPasswordViewModel.swift in Sources */,
				D00D68501F5733BF0029BC79 /* SignInViewModel.swift in Sources */,
				D00D684C1F5712F40029BC79 /* UIViewController+Extensions.swift in Sources */,
				D0979B671F4B31EB00B8407F /* SignUpViewController.swift in Sources */,
				D00D68601F589AC10029BC79 /* PersistentContainerSettable.swift in Sources */,
				D095D8C21F4E260800D15CE4 /* User.swift in Sources */,
				D00D68581F575AB80029BC79 /* AuthenticatingViewController.swift in Sources */,
				D0C1F6171F579D8700E49B77 /* ProviderSettable.swift in Sources */,
				D00D68421F55DA210029BC79 /* UIStoryboard+Extensions.swift in Sources */,
				D0C1F6111F578FC100E49B77 /* ClipsViewModel.swift in Sources */,
				D00A00841F61AC9300B11866 /* ISO8601JSONEncoder.swift in Sources */,
				D00D684E1F5733660029BC79 /* SignInViewController.swift in Sources */,
				D00D68461F55E5140029BC79 /* RootViewModel.swift in Sources */,
				D0909B701F4D282C000F584B /* String+Localized.swift in Sources */,
				D0112B811F4A7BAE00999761 /* CrystalClipboard.xcdatamodeld in Sources */,
				D03ABD3E1F4D37F000A7D473 /* Constants.swift in Sources */,
				D0B0CDEB1F4671E8006201CE /* AppDelegate.swift in Sources */,
				D00D68631F58A3680029BC79 /* ClipsDataProvider.swift in Sources */,
				D0D59B701F4A0A0100200ABD /* Cable.swift in Sources */,
				D00D68481F55E8260029BC79 /* ClipsViewController.swift in Sources */,
				D0979B691F4B325300B8407F /* SignUpViewModel.swift in Sources */,
				D0979B6D1F4B341200B8407F /* LandingViewModel.swift in Sources */,
				D00D68561F574FF50029BC79 /* AuthenticatingViewModel.swift in Sources */,
				D00D68371F55CAF80029BC79 /* Identifiers.swift in Sources */,
				D0C1F65A1F592DD600E49B77 /* ClipCellViewModel.swift in Sources */,
				D0FD1CFE1F5B5A590061535C /* Response+Extensions.swift in Sources */,
				D09DCFF21F5CD4C4000D4B10 /* SubmissionError.swift in Sources */,
				D0979B6B1F4B33F300B8407F /* LandingViewController.swift in Sources */,
			);
			runOnlyForDeploymentPostprocessing = 0;
		};
		D0B0CDF71F4671E8006201CE /* Sources */ = {
			isa = PBXSourcesBuildPhase;
			buildActionMask = 2147483647;
			files = (
				D0B0CE001F4671E8006201CE /* CrystalClipboardTests.swift in Sources */,
				D05335FE1F4A87DA0077B1F9 /* CoreDataTestCase.swift in Sources */,
				D0979B801F4B495800B8407F /* SignUpViewModelTests.swift in Sources */,
				D00D68681F58A55C0029BC79 /* ClipsDataProviderTests.swift in Sources */,
				D00D68521F5733EC0029BC79 /* SignInViewModelTests.swift in Sources */,
				D00A00821F61A74900B11866 /* TestAPIProvider.swift in Sources */,
				D095D8CD1F4E2E9300D15CE4 /* UserTests.swift in Sources */,
				D05335FC1F4A861A0077B1F9 /* ManagedClipTests.swift in Sources */,
				D0AACAAB1F6106E9001D4FFF /* XCTestCase+Extensions.swift in Sources */,
				D0C1F6131F578FE600E49B77 /* ClipsViewModelTests.swift in Sources */,
				D06EF5D21F5B650F0093C87D /* Response+ExtensionsTests.swift in Sources */,
				D00D684A1F55E8D70029BC79 /* RootViewModelTests.swift in Sources */,
				D0979B821F4B580800B8407F /* TestObserver.swift in Sources */,
				D00D685E1F57631A0029BC79 /* ResetPasswordViewModelTests.swift in Sources */,
				D03ABD421F4E902400A7D473 /* ClipTests.swift in Sources */,
				D04460BD1F5B82F5000464B8 /* SignalProducer+ExtensionsTests.swift in Sources */,
			);
			runOnlyForDeploymentPostprocessing = 0;
		};
		D0B0CE021F4671E8006201CE /* Sources */ = {
			isa = PBXSourcesBuildPhase;
			buildActionMask = 2147483647;
			files = (
				D0B0CE0B1F4671E8006201CE /* CrystalClipboardUITests.swift in Sources */,
			);
			runOnlyForDeploymentPostprocessing = 0;
		};
/* End PBXSourcesBuildPhase section */

/* Begin PBXTargetDependency section */
		D0B0CDFD1F4671E8006201CE /* PBXTargetDependency */ = {
			isa = PBXTargetDependency;
			target = D0B0CDE61F4671E8006201CE /* CrystalClipboard */;
			targetProxy = D0B0CDFC1F4671E8006201CE /* PBXContainerItemProxy */;
		};
		D0B0CE081F4671E8006201CE /* PBXTargetDependency */ = {
			isa = PBXTargetDependency;
			target = D0B0CDE61F4671E8006201CE /* CrystalClipboard */;
			targetProxy = D0B0CE071F4671E8006201CE /* PBXContainerItemProxy */;
		};
/* End PBXTargetDependency section */

/* Begin PBXVariantGroup section */
		D0B0CDEE1F4671E8006201CE /* Main.storyboard */ = {
			isa = PBXVariantGroup;
			children = (
				D0B0CDEF1F4671E8006201CE /* Base */,
			);
			name = Main.storyboard;
			path = .;
			sourceTree = "<group>";
		};
		D0B0CDF31F4671E8006201CE /* LaunchScreen.storyboard */ = {
			isa = PBXVariantGroup;
			children = (
				D0B0CDF41F4671E8006201CE /* Base */,
			);
			name = LaunchScreen.storyboard;
			path = .;
			sourceTree = "<group>";
		};
/* End PBXVariantGroup section */

/* Begin XCBuildConfiguration section */
		D0B0CE0D1F4671E8006201CE /* Debug */ = {
			isa = XCBuildConfiguration;
			buildSettings = {
				ALWAYS_SEARCH_USER_PATHS = NO;
				API_ENVIRONMENT = staging;
				CLANG_ANALYZER_NONNULL = YES;
				CLANG_ANALYZER_NUMBER_OBJECT_CONVERSION = YES_AGGRESSIVE;
				CLANG_CXX_LANGUAGE_STANDARD = "gnu++0x";
				CLANG_CXX_LIBRARY = "libc++";
				CLANG_ENABLE_MODULES = YES;
				CLANG_ENABLE_OBJC_ARC = YES;
				CLANG_WARN_BLOCK_CAPTURE_AUTORELEASING = YES;
				CLANG_WARN_BOOL_CONVERSION = YES;
				CLANG_WARN_COMMA = YES;
				CLANG_WARN_CONSTANT_CONVERSION = YES;
				CLANG_WARN_DIRECT_OBJC_ISA_USAGE = YES_ERROR;
				CLANG_WARN_DOCUMENTATION_COMMENTS = YES;
				CLANG_WARN_EMPTY_BODY = YES;
				CLANG_WARN_ENUM_CONVERSION = YES;
				CLANG_WARN_INFINITE_RECURSION = YES;
				CLANG_WARN_INT_CONVERSION = YES;
				CLANG_WARN_NON_LITERAL_NULL_CONVERSION = YES;
				CLANG_WARN_OBJC_LITERAL_CONVERSION = YES;
				CLANG_WARN_OBJC_ROOT_CLASS = YES_ERROR;
				CLANG_WARN_RANGE_LOOP_ANALYSIS = YES;
				CLANG_WARN_STRICT_PROTOTYPES = YES;
				CLANG_WARN_SUSPICIOUS_MOVE = YES;
				CLANG_WARN_UNREACHABLE_CODE = YES;
				CLANG_WARN__DUPLICATE_METHOD_MATCH = YES;
				"CODE_SIGN_IDENTITY[sdk=iphoneos*]" = "iPhone Developer";
				COPY_PHASE_STRIP = NO;
				DEBUG_INFORMATION_FORMAT = dwarf;
				ENABLE_STRICT_OBJC_MSGSEND = YES;
				ENABLE_TESTABILITY = YES;
				GCC_C_LANGUAGE_STANDARD = gnu99;
				GCC_DYNAMIC_NO_PIC = NO;
				GCC_NO_COMMON_BLOCKS = YES;
				GCC_OPTIMIZATION_LEVEL = 0;
				GCC_PREPROCESSOR_DEFINITIONS = (
					"DEBUG=1",
					"$(inherited)",
				);
				GCC_WARN_64_TO_32_BIT_CONVERSION = YES;
				GCC_WARN_ABOUT_RETURN_TYPE = YES_ERROR;
				GCC_WARN_UNDECLARED_SELECTOR = YES;
				GCC_WARN_UNINITIALIZED_AUTOS = YES_AGGRESSIVE;
				GCC_WARN_UNUSED_FUNCTION = YES;
				GCC_WARN_UNUSED_VARIABLE = YES;
				IPHONEOS_DEPLOYMENT_TARGET = 10.3;
				MTL_ENABLE_DEBUG_INFO = YES;
				ONLY_ACTIVE_ARCH = YES;
				SDKROOT = iphoneos;
				SWIFT_ACTIVE_COMPILATION_CONDITIONS = DEBUG;
				SWIFT_OPTIMIZATION_LEVEL = "-Onone";
				TARGETED_DEVICE_FAMILY = "1,2";
			};
			name = Debug;
		};
		D0B0CE0E1F4671E8006201CE /* Release */ = {
			isa = XCBuildConfiguration;
			buildSettings = {
				ALWAYS_SEARCH_USER_PATHS = NO;
				API_ENVIRONMENT = production;
				CLANG_ANALYZER_NONNULL = YES;
				CLANG_ANALYZER_NUMBER_OBJECT_CONVERSION = YES_AGGRESSIVE;
				CLANG_CXX_LANGUAGE_STANDARD = "gnu++0x";
				CLANG_CXX_LIBRARY = "libc++";
				CLANG_ENABLE_MODULES = YES;
				CLANG_ENABLE_OBJC_ARC = YES;
				CLANG_WARN_BLOCK_CAPTURE_AUTORELEASING = YES;
				CLANG_WARN_BOOL_CONVERSION = YES;
				CLANG_WARN_COMMA = YES;
				CLANG_WARN_CONSTANT_CONVERSION = YES;
				CLANG_WARN_DIRECT_OBJC_ISA_USAGE = YES_ERROR;
				CLANG_WARN_DOCUMENTATION_COMMENTS = YES;
				CLANG_WARN_EMPTY_BODY = YES;
				CLANG_WARN_ENUM_CONVERSION = YES;
				CLANG_WARN_INFINITE_RECURSION = YES;
				CLANG_WARN_INT_CONVERSION = YES;
				CLANG_WARN_NON_LITERAL_NULL_CONVERSION = YES;
				CLANG_WARN_OBJC_LITERAL_CONVERSION = YES;
				CLANG_WARN_OBJC_ROOT_CLASS = YES_ERROR;
				CLANG_WARN_RANGE_LOOP_ANALYSIS = YES;
				CLANG_WARN_STRICT_PROTOTYPES = YES;
				CLANG_WARN_SUSPICIOUS_MOVE = YES;
				CLANG_WARN_UNREACHABLE_CODE = YES;
				CLANG_WARN__DUPLICATE_METHOD_MATCH = YES;
				"CODE_SIGN_IDENTITY[sdk=iphoneos*]" = "iPhone Developer";
				COPY_PHASE_STRIP = NO;
				DEBUG_INFORMATION_FORMAT = "dwarf-with-dsym";
				ENABLE_NS_ASSERTIONS = NO;
				ENABLE_STRICT_OBJC_MSGSEND = YES;
				GCC_C_LANGUAGE_STANDARD = gnu99;
				GCC_NO_COMMON_BLOCKS = YES;
				GCC_WARN_64_TO_32_BIT_CONVERSION = YES;
				GCC_WARN_ABOUT_RETURN_TYPE = YES_ERROR;
				GCC_WARN_UNDECLARED_SELECTOR = YES;
				GCC_WARN_UNINITIALIZED_AUTOS = YES_AGGRESSIVE;
				GCC_WARN_UNUSED_FUNCTION = YES;
				GCC_WARN_UNUSED_VARIABLE = YES;
				IPHONEOS_DEPLOYMENT_TARGET = 10.3;
				MTL_ENABLE_DEBUG_INFO = NO;
				SDKROOT = iphoneos;
				SWIFT_OPTIMIZATION_LEVEL = "-Owholemodule";
				TARGETED_DEVICE_FAMILY = "1,2";
				VALIDATE_PRODUCT = YES;
			};
			name = Release;
		};
		D0B0CE101F4671E8006201CE /* Debug */ = {
			isa = XCBuildConfiguration;
			baseConfigurationReference = E68A0DE5861D5A1DDBC176A1 /* Pods-CrystalClipboard.debug.xcconfig */;
			buildSettings = {
				ASSETCATALOG_COMPILER_APPICON_NAME = AppIcon;
				DEVELOPMENT_TEAM = 9YXHY5F5AA;
				INFOPLIST_FILE = "CrystalClipboard/Supporting Files/Info.plist";
				LD_RUNPATH_SEARCH_PATHS = "$(inherited) @executable_path/Frameworks";
				PRODUCT_BUNDLE_IDENTIFIER = "com.jzzocc.crystal-clipboard";
				PRODUCT_NAME = "$(TARGET_NAME)";
				SWIFT_SWIFT3_OBJC_INFERENCE = Default;
				SWIFT_VERSION = 4.0;
			};
			name = Debug;
		};
		D0B0CE111F4671E8006201CE /* Release */ = {
			isa = XCBuildConfiguration;
			baseConfigurationReference = 2DDB744BC89EB2A5AAB315A0 /* Pods-CrystalClipboard.release.xcconfig */;
			buildSettings = {
				ASSETCATALOG_COMPILER_APPICON_NAME = AppIcon;
				DEVELOPMENT_TEAM = 9YXHY5F5AA;
				INFOPLIST_FILE = "CrystalClipboard/Supporting Files/Info.plist";
				LD_RUNPATH_SEARCH_PATHS = "$(inherited) @executable_path/Frameworks";
				PRODUCT_BUNDLE_IDENTIFIER = "com.jzzocc.crystal-clipboard";
				PRODUCT_NAME = "$(TARGET_NAME)";
				SWIFT_SWIFT3_OBJC_INFERENCE = Default;
				SWIFT_VERSION = 4.0;
			};
			name = Release;
		};
		D0B0CE131F4671E8006201CE /* Debug */ = {
			isa = XCBuildConfiguration;
			baseConfigurationReference = DE6B83F86CF51E1C918D30E6 /* Pods-CrystalClipboard-CrystalClipboardTests.debug.xcconfig */;
			buildSettings = {
				ALWAYS_EMBED_SWIFT_STANDARD_LIBRARIES = "$(inherited)";
				BUNDLE_LOADER = "$(TEST_HOST)";
				DEVELOPMENT_TEAM = 9YXHY5F5AA;
				INFOPLIST_FILE = "CrystalClipboardTests/Supporting Files/Info.plist";
				LD_RUNPATH_SEARCH_PATHS = "$(inherited) @executable_path/Frameworks @loader_path/Frameworks";
				PRODUCT_BUNDLE_IDENTIFIER = com.jzzocc.CrystalClipboardTests;
				PRODUCT_NAME = "$(TARGET_NAME)";
				SWIFT_SWIFT3_OBJC_INFERENCE = Default;
				SWIFT_VERSION = 4.0;
				TEST_HOST = "$(BUILT_PRODUCTS_DIR)/CrystalClipboard.app/CrystalClipboard";
			};
			name = Debug;
		};
		D0B0CE141F4671E8006201CE /* Release */ = {
			isa = XCBuildConfiguration;
			baseConfigurationReference = 049571459341AB9B7512531E /* Pods-CrystalClipboard-CrystalClipboardTests.release.xcconfig */;
			buildSettings = {
				ALWAYS_EMBED_SWIFT_STANDARD_LIBRARIES = "$(inherited)";
				BUNDLE_LOADER = "$(TEST_HOST)";
				DEVELOPMENT_TEAM = 9YXHY5F5AA;
				INFOPLIST_FILE = "CrystalClipboardTests/Supporting Files/Info.plist";
				LD_RUNPATH_SEARCH_PATHS = "$(inherited) @executable_path/Frameworks @loader_path/Frameworks";
				PRODUCT_BUNDLE_IDENTIFIER = com.jzzocc.CrystalClipboardTests;
				PRODUCT_NAME = "$(TARGET_NAME)";
				SWIFT_SWIFT3_OBJC_INFERENCE = Default;
				SWIFT_VERSION = 4.0;
				TEST_HOST = "$(BUILT_PRODUCTS_DIR)/CrystalClipboard.app/CrystalClipboard";
			};
			name = Release;
		};
		D0B0CE161F4671E8006201CE /* Debug */ = {
			isa = XCBuildConfiguration;
			baseConfigurationReference = 45FB058D9BD0827705930D3E /* Pods-CrystalClipboard-CrystalClipboardUITests.debug.xcconfig */;
			buildSettings = {
				ALWAYS_EMBED_SWIFT_STANDARD_LIBRARIES = "$(inherited)";
				DEVELOPMENT_TEAM = 9YXHY5F5AA;
				INFOPLIST_FILE = "CrystalClipboardUITests/Supporting Files/Info.plist";
				LD_RUNPATH_SEARCH_PATHS = "$(inherited) @executable_path/Frameworks @loader_path/Frameworks";
				PRODUCT_BUNDLE_IDENTIFIER = com.jzzocc.CrystalClipboardUITests;
				PRODUCT_NAME = "$(TARGET_NAME)";
				SWIFT_SWIFT3_OBJC_INFERENCE = Default;
				SWIFT_VERSION = 4.0;
				TEST_TARGET_NAME = CrystalClipboard;
			};
			name = Debug;
		};
		D0B0CE171F4671E8006201CE /* Release */ = {
			isa = XCBuildConfiguration;
			baseConfigurationReference = DD3162C9717AFAFB194112F5 /* Pods-CrystalClipboard-CrystalClipboardUITests.release.xcconfig */;
			buildSettings = {
				ALWAYS_EMBED_SWIFT_STANDARD_LIBRARIES = "$(inherited)";
				DEVELOPMENT_TEAM = 9YXHY5F5AA;
				INFOPLIST_FILE = "CrystalClipboardUITests/Supporting Files/Info.plist";
				LD_RUNPATH_SEARCH_PATHS = "$(inherited) @executable_path/Frameworks @loader_path/Frameworks";
				PRODUCT_BUNDLE_IDENTIFIER = com.jzzocc.CrystalClipboardUITests;
				PRODUCT_NAME = "$(TARGET_NAME)";
				SWIFT_SWIFT3_OBJC_INFERENCE = Default;
				SWIFT_VERSION = 4.0;
				TEST_TARGET_NAME = CrystalClipboard;
			};
			name = Release;
		};
/* End XCBuildConfiguration section */

/* Begin XCConfigurationList section */
		D0B0CDE21F4671E8006201CE /* Build configuration list for PBXProject "CrystalClipboard" */ = {
			isa = XCConfigurationList;
			buildConfigurations = (
				D0B0CE0D1F4671E8006201CE /* Debug */,
				D0B0CE0E1F4671E8006201CE /* Release */,
			);
			defaultConfigurationIsVisible = 0;
			defaultConfigurationName = Release;
		};
		D0B0CE0F1F4671E8006201CE /* Build configuration list for PBXNativeTarget "CrystalClipboard" */ = {
			isa = XCConfigurationList;
			buildConfigurations = (
				D0B0CE101F4671E8006201CE /* Debug */,
				D0B0CE111F4671E8006201CE /* Release */,
			);
			defaultConfigurationIsVisible = 0;
			defaultConfigurationName = Release;
		};
		D0B0CE121F4671E8006201CE /* Build configuration list for PBXNativeTarget "CrystalClipboardTests" */ = {
			isa = XCConfigurationList;
			buildConfigurations = (
				D0B0CE131F4671E8006201CE /* Debug */,
				D0B0CE141F4671E8006201CE /* Release */,
			);
			defaultConfigurationIsVisible = 0;
			defaultConfigurationName = Release;
		};
		D0B0CE151F4671E8006201CE /* Build configuration list for PBXNativeTarget "CrystalClipboardUITests" */ = {
			isa = XCConfigurationList;
			buildConfigurations = (
				D0B0CE161F4671E8006201CE /* Debug */,
				D0B0CE171F4671E8006201CE /* Release */,
			);
			defaultConfigurationIsVisible = 0;
			defaultConfigurationName = Release;
		};
/* End XCConfigurationList section */

/* Begin XCVersionGroup section */
		D0112B7F1F4A7BAE00999761 /* CrystalClipboard.xcdatamodeld */ = {
			isa = XCVersionGroup;
			children = (
				D0112B801F4A7BAE00999761 /* CrystalClipboard.xcdatamodel */,
			);
			currentVersion = D0112B801F4A7BAE00999761 /* CrystalClipboard.xcdatamodel */;
			name = CrystalClipboard.xcdatamodeld;
			path = Model/CrystalClipboard.xcdatamodeld;
			sourceTree = "<group>";
			versionGroupType = wrapper.xcdatamodel;
		};
/* End XCVersionGroup section */
	};
	rootObject = D0B0CDDF1F4671E8006201CE /* Project object */;
}
